
Microsoft Visual Studio Solution File, Format Version 12.00
# Visual Studio 14
VisualStudioVersion = 14.0.25420.1
MinimumVisualStudioVersion = 10.0.40219.1
Project("{159641D6-6404-4A2A-AE62-294DE0FE8301}") = "GarlandDataExport", "GarlandDataExport\GarlandDataExport.dtproj", "{75EB36F4-5915-4081-AB0E-80CDA94A9958}"
EndProject
Global
	GlobalSection(SolutionConfigurationPlatforms) = preSolution
		Development|Default = Development|Default
	EndGlobalSection
	GlobalSection(ProjectConfigurationPlatforms) = postSolution
		{75EB36F4-5915-4081-AB0E-80CDA94A9958}.Development|Default.ActiveCfg = Development
		{75EB36F4-5915-4081-AB0E-80CDA94A9958}.Development|Default.Build.0 = Development
	EndGlobalSection
	GlobalSection(SolutionProperties) = preSolution
		HideSolutionNode = FALSE
	EndGlobalSection
	GlobalSection(TeamFoundationVersionControl) = preSolution
		SccNumberOfProjects = 2
		SccEnterpriseProvider = {4CA58AB2-18FA-4F8D-95D4-32DDF27D184C}
		SccTeamFoundationServer = https://hayessoftware.visualstudio.com/
		SccLocalPath0 = .
		SccProjectUniqueName1 = GarlandDataExport\\GarlandDataExport.dtproj
		SccProjectName1 = GarlandDataExport
		SccLocalPath1 = GarlandDataExport
	EndGlobalSection
EndGlobal
