
Microsoft Visual Studio Solution File, Format Version 12.00
# Visual Studio 15
VisualStudioVersion = 15.0.28307.1169
MinimumVisualStudioVersion = 10.0.40219.1
Project("{159641D6-6404-4A2A-AE62-294DE0FE8301}") = "Synergy", "Synergy\Synergy.dtproj", "{8E50E504-9A90-4FF6-9A87-5C7164F53A80}"
EndProject
Global
	GlobalSection(SolutionConfigurationPlatforms) = preSolution
		Development|Default = Development|Default
	EndGlobalSection
	GlobalSection(ProjectConfigurationPlatforms) = postSolution
		{8E50E504-9A90-4FF6-9A87-5C7164F53A80}.Development|Default.ActiveCfg = Development
		{8E50E504-9A90-4FF6-9A87-5C7164F53A80}.Development|Default.Build.0 = Development
	EndGlobalSection
	GlobalSection(SolutionProperties) = preSolution
		HideSolutionNode = FALSE
	EndGlobalSection
	GlobalSection(ExtensibilityGlobals) = postSolution
		SolutionGuid = {F220DDE8-E218-4F3E-A856-401B85ACDCC2}
	EndGlobalSection
EndGlobal
