
Microsoft Visual Studio Solution File, Format Version 10.00
# Visual Studio 2008
Project("{F14B399A-7131-4C87-9E4B-1186C45EF12D}") = "SQLAgentJob", "SQLAgentJob\SQLAgentJob.rptproj", "{3925401F-99D1-4980-AC22-574940867C45}"
EndProject
Global
	GlobalSection(TeamFoundationVersionControl) = preSolution
		SccNumberOfProjects = 2
		SccEnterpriseProvider = {4CA58AB2-18FA-4F8D-95D4-32DDF27D184C}
		SccTeamFoundationServer = https://hayessoftware.visualstudio.com/DefaultCollection
		SccLocalPath0 = .
		SccProjectUniqueName1 = SQLAgentJob\\SQLAgentJob.rptproj
		SccProjectName1 = SQLAgentJob
		SccLocalPath1 = SQLAgentJob
	EndGlobalSection
	GlobalSection(SolutionConfigurationPlatforms) = preSolution
		Debug|Default = Debug|Default
		DebugLocal|Default = DebugLocal|Default
		Release|Default = Release|Default
	EndGlobalSection
	GlobalSection(ProjectConfigurationPlatforms) = postSolution
		{3925401F-99D1-4980-AC22-574940867C45}.Debug|Default.ActiveCfg = Debug
		{3925401F-99D1-4980-AC22-574940867C45}.Debug|Default.Build.0 = DebugLocal
		{3925401F-99D1-4980-AC22-574940867C45}.Debug|Default.Deploy.0 = DebugLocal
		{3925401F-99D1-4980-AC22-574940867C45}.DebugLocal|Default.ActiveCfg = DebugLocal
		{3925401F-99D1-4980-AC22-574940867C45}.DebugLocal|Default.Build.0 = DebugLocal
		{3925401F-99D1-4980-AC22-574940867C45}.Release|Default.ActiveCfg = Release
		{3925401F-99D1-4980-AC22-574940867C45}.Release|Default.Build.0 = Release
		{3925401F-99D1-4980-AC22-574940867C45}.Release|Default.Deploy.0 = Release
	EndGlobalSection
	GlobalSection(SolutionProperties) = preSolution
		HideSolutionNode = FALSE
	EndGlobalSection
EndGlobal
