
Microsoft Visual Studio Solution File, Format Version 12.00
# Visual Studio 15
VisualStudioVersion = 15.0.28307.902
MinimumVisualStudioVersion = 10.0.40219.1
Project("{FAE04EC0-301F-11D3-BF4B-00C04F79EFBC}") = "Hayes Integration Service", "Hayes Integration Service\Hayes Integration Service.csproj", "{D9E2E16A-E4FF-45D9-BD00-C131DD354AB7}"
EndProject
Global
	GlobalSection(SolutionConfigurationPlatforms) = preSolution
		Debug|Any CPU = Debug|Any CPU
		Release|Any CPU = Release|Any CPU
	EndGlobalSection
	GlobalSection(ProjectConfigurationPlatforms) = postSolution
		{D9E2E16A-E4FF-45D9-BD00-C131DD354AB7}.Debug|Any CPU.ActiveCfg = Debug|Any CPU
		{D9E2E16A-E4FF-45D9-BD00-C131DD354AB7}.Debug|Any CPU.Build.0 = Debug|Any CPU
		{D9E2E16A-E4FF-45D9-BD00-C131DD354AB7}.Release|Any CPU.ActiveCfg = Release|Any CPU
		{D9E2E16A-E4FF-45D9-BD00-C131DD354AB7}.Release|Any CPU.Build.0 = Release|Any CPU
	EndGlobalSection
	GlobalSection(SolutionProperties) = preSolution
		HideSolutionNode = FALSE
	EndGlobalSection
	GlobalSection(ExtensibilityGlobals) = postSolution
		SolutionGuid = {D1B09BC8-4CF5-45F3-88CA-09608A6E3918}
	EndGlobalSection
	GlobalSection(TeamFoundationVersionControl) = preSolution
		SccNumberOfProjects = 2
		SccEnterpriseProvider = {4CA58AB2-18FA-4F8D-95D4-32DDF27D184C}
		SccTeamFoundationServer = https://hayessoftware.visualstudio.com/
		SccLocalPath0 = .
		SccProjectUniqueName1 = Hayes\u0020Integration\u0020Service\\Hayes\u0020Integration\u0020Service.csproj
		SccProjectName1 = Hayes\u0020Integration\u0020Service
		SccLocalPath1 = Hayes\u0020Integration\u0020Service
	EndGlobalSection
EndGlobal
