
Microsoft Visual Studio Solution File, Format Version 12.00
# Visual Studio Version 16
VisualStudioVersion = 16.0.30011.22
MinimumVisualStudioVersion = 10.0.40219.1
Project("{159641D6-6404-4A2A-AE62-294DE0FE8301}") = "AbsoluteIntegration", "AbsoluteImport\AbsoluteIntegration.dtproj", "{E9880DBD-7EEC-4DA7-A4D9-B648EF842ABE}"
EndProject
Global
	GlobalSection(SolutionConfigurationPlatforms) = preSolution
		Development|Default = Development|Default
	EndGlobalSection
	GlobalSection(ProjectConfigurationPlatforms) = postSolution
		{E9880DBD-7EEC-4DA7-A4D9-B648EF842ABE}.Development|Default.ActiveCfg = Development
		{E9880DBD-7EEC-4DA7-A4D9-B648EF842ABE}.Development|Default.Build.0 = Development
	EndGlobalSection
	GlobalSection(SolutionProperties) = preSolution
		HideSolutionNode = FALSE
	EndGlobalSection
	GlobalSection(ExtensibilityGlobals) = postSolution
		SolutionGuid = {A68DD824-43A7-4179-B9B8-56B29A594B32}
	EndGlobalSection
	GlobalSection(TeamFoundationVersionControl) = preSolution
		SccNumberOfProjects = 2
		SccEnterpriseProvider = {4CA58AB2-18FA-4F8D-95D4-32DDF27D184C}
		SccTeamFoundationServer = https://hayessoftware.visualstudio.com/
		SccLocalPath0 = .
		SccProjectUniqueName1 = AbsoluteImport\\AbsoluteIntegration.dtproj
		SccProjectName1 = AbsoluteImport
		SccLocalPath1 = AbsoluteImport
	EndGlobalSection
EndGlobal
