
Microsoft Visual Studio Solution File, Format Version 10.00
# Visual Studio 2008
Project("{D183A3D8-5FD8-494B-B014-37F57B35E655}") = "LDAP_UserProcess", "LDAP_UserProcess\LDAP_UserProcess.dtproj", "{A65F871E-4F0F-4E61-805D-4B8EFA7E05E2}"
EndProject
Global
	GlobalSection(TeamFoundationVersionControl) = preSolution
		SccNumberOfProjects = 2
		SccEnterpriseProvider = {4CA58AB2-18FA-4F8D-95D4-32DDF27D184C}
		SccTeamFoundationServer = https://hayessoftware.visualstudio.com/DefaultCollection
		SccLocalPath0 = .
		SccProjectUniqueName1 = LDAP_UserProcess\\LDAP_UserProcess.dtproj
		SccProjectName1 = LDAP_UserProcess
		SccLocalPath1 = LDAP_UserProcess
	EndGlobalSection
	GlobalSection(SolutionConfigurationPlatforms) = preSolution
		Development|Default = Development|Default
	EndGlobalSection
	GlobalSection(ProjectConfigurationPlatforms) = postSolution
		{A65F871E-4F0F-4E61-805D-4B8EFA7E05E2}.Development|Default.ActiveCfg = Development
		{A65F871E-4F0F-4E61-805D-4B8EFA7E05E2}.Development|Default.Build.0 = Development
	EndGlobalSection
	GlobalSection(SolutionProperties) = preSolution
		HideSolutionNode = FALSE
	EndGlobalSection
EndGlobal
