
Microsoft Visual Studio Solution File, Format Version 12.00
# Visual Studio Version 16
VisualStudioVersion = 16.0.30011.22
MinimumVisualStudioVersion = 10.0.40219.1
Project("{159641D6-6404-4A2A-AE62-294DE0FE8301}") = "SolarWinds_WebHelpDesk", "SolarWinds_WebHelpDesk\SolarWinds_WebHelpDesk.dtproj", "{FB0A8577-AD07-42FA-BC3F-7EF1D06DAB83}"
EndProject
Project("{159641D6-6404-4A2A-AE62-294DE0FE8301}") = "PeopleSoft", "PeopleSoft\PeopleSoft.dtproj", "{664D320D-CE61-4F85-8184-0177B758703D}"
EndProject
Project("{159641D6-6404-4A2A-AE62-294DE0FE8301}") = "SchoolCash", "SchoolCash\SchoolCash.dtproj", "{4CEAD181-7545-41D0-859E-46CA07C3D33E}"
EndProject
Global
	GlobalSection(SolutionConfigurationPlatforms) = preSolution
		Development|Default = Development|Default
	EndGlobalSection
	GlobalSection(ProjectConfigurationPlatforms) = postSolution
		{FB0A8577-AD07-42FA-BC3F-7EF1D06DAB83}.Development|Default.ActiveCfg = Development
		{FB0A8577-AD07-42FA-BC3F-7EF1D06DAB83}.Development|Default.Build.0 = Development
		{664D320D-CE61-4F85-8184-0177B758703D}.Development|Default.ActiveCfg = Development
		{664D320D-CE61-4F85-8184-0177B758703D}.Development|Default.Build.0 = Development
		{4CEAD181-7545-41D0-859E-46CA07C3D33E}.Development|Default.ActiveCfg = Development
		{4CEAD181-7545-41D0-859E-46CA07C3D33E}.Development|Default.Build.0 = Development
	EndGlobalSection
	GlobalSection(SolutionProperties) = preSolution
		HideSolutionNode = FALSE
	EndGlobalSection
	GlobalSection(ExtensibilityGlobals) = postSolution
		SolutionGuid = {01ABD0A2-C0AD-4B51-93FD-82B4418ACB91}
	EndGlobalSection
	GlobalSection(TeamFoundationVersionControl) = preSolution
		SccNumberOfProjects = 4
		SccEnterpriseProvider = {4CA58AB2-18FA-4F8D-95D4-32DDF27D184C}
		SccTeamFoundationServer = https://hayessoftware.visualstudio.com/
		SccLocalPath0 = .
		SccProjectUniqueName1 = SolarWinds_WebHelpDesk\\SolarWinds_WebHelpDesk.dtproj
		SccProjectName1 = SolarWinds_WebHelpDesk
		SccLocalPath1 = SolarWinds_WebHelpDesk
		SccProjectUniqueName2 = PeopleSoft\\PeopleSoft.dtproj
		SccProjectName2 = PeopleSoft
		SccLocalPath2 = PeopleSoft
		SccProjectUniqueName3 = SchoolCash\\SchoolCash.dtproj
		SccProjectName3 = SchoolCash
		SccLocalPath3 = SchoolCash
	EndGlobalSection
EndGlobal
