
Microsoft Visual Studio Solution File, Format Version 10.00
# Visual Studio 2008
Project("{F14B399A-7131-4C87-9E4B-1186C45EF12D}") = "SISValidation", "SISValidation\SISValidation.rptproj", "{ABCC366B-CB9A-41E8-9D74-C9C1F9765F66}"
EndProject
Global
	GlobalSection(TeamFoundationVersionControl) = preSolution
		SccNumberOfProjects = 2
		SccEnterpriseProvider = {4CA58AB2-18FA-4F8D-95D4-32DDF27D184C}
		SccTeamFoundationServer = https://hayessoftware.visualstudio.com/DefaultCollection
		SccLocalPath0 = .
		SccProjectUniqueName1 = SISValidation\\SISValidation.rptproj
		SccProjectName1 = SISValidation
		SccLocalPath1 = SISValidation
	EndGlobalSection
	GlobalSection(SolutionConfigurationPlatforms) = preSolution
		Debug|Default = Debug|Default
		DebugLocal|Default = DebugLocal|Default
		Release|Default = Release|Default
	EndGlobalSection
	GlobalSection(ProjectConfigurationPlatforms) = postSolution
		{ABCC366B-CB9A-41E8-9D74-C9C1F9765F66}.Debug|Default.ActiveCfg = Debug
		{ABCC366B-CB9A-41E8-9D74-C9C1F9765F66}.Debug|Default.Build.0 = DebugLocal
		{ABCC366B-CB9A-41E8-9D74-C9C1F9765F66}.Debug|Default.Deploy.0 = DebugLocal
		{ABCC366B-CB9A-41E8-9D74-C9C1F9765F66}.DebugLocal|Default.ActiveCfg = DebugLocal
		{ABCC366B-CB9A-41E8-9D74-C9C1F9765F66}.DebugLocal|Default.Build.0 = DebugLocal
		{ABCC366B-CB9A-41E8-9D74-C9C1F9765F66}.Release|Default.ActiveCfg = Release
		{ABCC366B-CB9A-41E8-9D74-C9C1F9765F66}.Release|Default.Build.0 = Release
		{ABCC366B-CB9A-41E8-9D74-C9C1F9765F66}.Release|Default.Deploy.0 = Release
	EndGlobalSection
	GlobalSection(SolutionProperties) = preSolution
		HideSolutionNode = FALSE
	EndGlobalSection
EndGlobal
