
Microsoft Visual Studio Solution File, Format Version 12.00
# Visual Studio 15
VisualStudioVersion = 15.0.28307.1082
MinimumVisualStudioVersion = 10.0.40219.1
Project("{159641D6-6404-4A2A-AE62-294DE0FE8301}") = "Munis", "Munis\Munis.dtproj", "{9438AF6F-DD26-445A-ADB7-6AB5C7ED8A57}"
EndProject
Global
	GlobalSection(SolutionConfigurationPlatforms) = preSolution
		Development|Default = Development|Default
	EndGlobalSection
	GlobalSection(ProjectConfigurationPlatforms) = postSolution
		{9438AF6F-DD26-445A-ADB7-6AB5C7ED8A57}.Development|Default.ActiveCfg = Development
		{9438AF6F-DD26-445A-ADB7-6AB5C7ED8A57}.Development|Default.Build.0 = Development
	EndGlobalSection
	GlobalSection(SolutionProperties) = preSolution
		HideSolutionNode = FALSE
	EndGlobalSection
	GlobalSection(ExtensibilityGlobals) = postSolution
		SolutionGuid = {7CAAC0AE-ACD0-4244-85DA-BD077EE4E8BF}
	EndGlobalSection
	GlobalSection(TeamFoundationVersionControl) = preSolution
		SccNumberOfProjects = 2
		SccEnterpriseProvider = {4CA58AB2-18FA-4F8D-95D4-32DDF27D184C}
		SccTeamFoundationServer = https://hayessoftware.visualstudio.com/
		SccLocalPath0 = .
		SccProjectUniqueName1 = Munis\\Munis.dtproj
		SccProjectName1 = Munis
		SccLocalPath1 = Munis
	EndGlobalSection
EndGlobal
