
Microsoft Visual Studio Solution File, Format Version 12.00
# Visual Studio 15
VisualStudioVersion = 15.0.28307.1082
MinimumVisualStudioVersion = 10.0.40219.1
Project("{159641D6-6404-4A2A-AE62-294DE0FE8301}") = "IncidentIQ", "IncidentIQ\IncidentIQ.dtproj", "{F79FF696-D668-4C22-8E91-566297484BF1}"
EndProject
Global
	GlobalSection(SolutionConfigurationPlatforms) = preSolution
		Development|Default = Development|Default
	EndGlobalSection
	GlobalSection(ProjectConfigurationPlatforms) = postSolution
		{F79FF696-D668-4C22-8E91-566297484BF1}.Development|Default.ActiveCfg = Development
		{F79FF696-D668-4C22-8E91-566297484BF1}.Development|Default.Build.0 = Development
	EndGlobalSection
	GlobalSection(SolutionProperties) = preSolution
		HideSolutionNode = FALSE
	EndGlobalSection
	GlobalSection(ExtensibilityGlobals) = postSolution
		SolutionGuid = {FE6D93C5-2825-4C7E-A30E-C33B5E5DEBC8}
	EndGlobalSection
	GlobalSection(TeamFoundationVersionControl) = preSolution
		SccNumberOfProjects = 2
		SccEnterpriseProvider = {4CA58AB2-18FA-4F8D-95D4-32DDF27D184C}
		SccTeamFoundationServer = https://hayessoftware.visualstudio.com/
		SccLocalPath0 = .
		SccProjectUniqueName1 = IncidentIQ\\IncidentIQ.dtproj
		SccProjectName1 = IncidentIQ
		SccLocalPath1 = IncidentIQ
	EndGlobalSection
EndGlobal
