
Microsoft Visual Studio Solution File, Format Version 12.00
# Visual Studio Version 16
VisualStudioVersion = 16.0.30011.22
MinimumVisualStudioVersion = 10.0.40219.1
Project("{159641D6-6404-4A2A-AE62-294DE0FE8301}") = "Lawson", "Lawson\Lawson.dtproj", "{3BF5F51F-EB9A-4289-9F89-6BCF7E3E984F}"
EndProject
Global
	GlobalSection(SolutionConfigurationPlatforms) = preSolution
		Development|Default = Development|Default
	EndGlobalSection
	GlobalSection(ProjectConfigurationPlatforms) = postSolution
		{3BF5F51F-EB9A-4289-9F89-6BCF7E3E984F}.Development|Default.ActiveCfg = Development
		{3BF5F51F-EB9A-4289-9F89-6BCF7E3E984F}.Development|Default.Build.0 = Development
	EndGlobalSection
	GlobalSection(SolutionProperties) = preSolution
		HideSolutionNode = FALSE
	EndGlobalSection
	GlobalSection(ExtensibilityGlobals) = postSolution
		SolutionGuid = {0561C8A3-93CC-46BA-8F37-A6E706F339CD}
	EndGlobalSection
	GlobalSection(TeamFoundationVersionControl) = preSolution
		SccNumberOfProjects = 2
		SccEnterpriseProvider = {4CA58AB2-18FA-4F8D-95D4-32DDF27D184C}
		SccTeamFoundationServer = https://hayessoftware.visualstudio.com/
		SccLocalPath0 = .
		SccProjectUniqueName1 = Lawson\\Lawson.dtproj
		SccProjectName1 = Lawson
		SccLocalPath1 = Lawson
	EndGlobalSection
EndGlobal
