
Microsoft Visual Studio Solution File, Format Version 12.00
# Visual Studio 15
VisualStudioVersion = 15.0.28307.168
MinimumVisualStudioVersion = 10.0.40219.1
Project("{159641D6-6404-4A2A-AE62-294DE0FE8301}") = "CPS TechXL Excepiton Report", "CPS TechXL Excepiton Report\CPS TechXL Excepiton Report.dtproj", "{5B50BE77-964B-44B8-9602-94E532891322}"
EndProject
Global
	GlobalSection(SolutionConfigurationPlatforms) = preSolution
		Development|Default = Development|Default
	EndGlobalSection
	GlobalSection(ProjectConfigurationPlatforms) = postSolution
		{5B50BE77-964B-44B8-9602-94E532891322}.Development|Default.ActiveCfg = Development
		{5B50BE77-964B-44B8-9602-94E532891322}.Development|Default.Build.0 = Development
	EndGlobalSection
	GlobalSection(SolutionProperties) = preSolution
		HideSolutionNode = FALSE
	EndGlobalSection
	GlobalSection(ExtensibilityGlobals) = postSolution
		SolutionGuid = {ABA8261F-B94F-4980-9773-A3F0E1C19F89}
	EndGlobalSection
EndGlobal
