
Microsoft Visual Studio Solution File, Format Version 12.00
# Visual Studio Version 16
VisualStudioVersion = 16.0.30011.22
MinimumVisualStudioVersion = 10.0.40219.1
Project("{159641D6-6404-4A2A-AE62-294DE0FE8301}") = "Katy IT PO", "Katy IT PO\Katy IT PO.dtproj", "{CFFA56F8-84E1-4E2E-84CF-0E8B192E5FDD}"
EndProject
Global
	GlobalSection(SolutionConfigurationPlatforms) = preSolution
		Development|Default = Development|Default
	EndGlobalSection
	GlobalSection(ProjectConfigurationPlatforms) = postSolution
		{CFFA56F8-84E1-4E2E-84CF-0E8B192E5FDD}.Development|Default.ActiveCfg = Development
		{CFFA56F8-84E1-4E2E-84CF-0E8B192E5FDD}.Development|Default.Build.0 = Development
	EndGlobalSection
	GlobalSection(SolutionProperties) = preSolution
		HideSolutionNode = FALSE
	EndGlobalSection
	GlobalSection(ExtensibilityGlobals) = postSolution
		SolutionGuid = {F5EFA05D-2E0A-4E43-A46C-33B10F951052}
	EndGlobalSection
	GlobalSection(TeamFoundationVersionControl) = preSolution
		SccNumberOfProjects = 2
		SccEnterpriseProvider = {4CA58AB2-18FA-4F8D-95D4-32DDF27D184C}
		SccTeamFoundationServer = https://hayessoftware.visualstudio.com/
		SccLocalPath0 = .
		SccProjectUniqueName1 = Katy\u0020IT\u0020PO\\Katy\u0020IT\u0020PO.dtproj
		SccProjectName1 = Katy\u0020IT\u0020PO
		SccLocalPath1 = Katy\u0020IT\u0020PO
	EndGlobalSection
EndGlobal
