
Microsoft Visual Studio Solution File, Format Version 12.00
# Visual Studio 14
VisualStudioVersion = 14.0.25420.1
MinimumVisualStudioVersion = 10.0.40219.1
Project("{F14B399A-7131-4C87-9E4B-1186C45EF12D}") = "UFA Monitor", "UFA Monitor\UFA Monitor.rptproj", "{3E2BF8C7-2D08-45AC-9116-4F3E61125D5A}"
EndProject
Project("{F14B399A-7131-4C87-9E4B-1186C45EF12D}") = "OtherProject", "OtherProject\OtherProject.rptproj", "{B790FF42-4709-4C1F-BB00-A456149A7E72}"
EndProject
Global
	GlobalSection(SolutionConfigurationPlatforms) = preSolution
		Debug|Default = Debug|Default
		DebugLocal|Default = DebugLocal|Default
		Release|Default = Release|Default
	EndGlobalSection
	GlobalSection(ProjectConfigurationPlatforms) = postSolution
		{3E2BF8C7-2D08-45AC-9116-4F3E61125D5A}.Debug|Default.ActiveCfg = Debug
		{3E2BF8C7-2D08-45AC-9116-4F3E61125D5A}.Debug|Default.Build.0 = Debug
		{3E2BF8C7-2D08-45AC-9116-4F3E61125D5A}.Debug|Default.Deploy.0 = Debug
		{3E2BF8C7-2D08-45AC-9116-4F3E61125D5A}.DebugLocal|Default.ActiveCfg = DebugLocal
		{3E2BF8C7-2D08-45AC-9116-4F3E61125D5A}.DebugLocal|Default.Build.0 = DebugLocal
		{3E2BF8C7-2D08-45AC-9116-4F3E61125D5A}.Release|Default.ActiveCfg = Release
		{3E2BF8C7-2D08-45AC-9116-4F3E61125D5A}.Release|Default.Build.0 = Release
		{3E2BF8C7-2D08-45AC-9116-4F3E61125D5A}.Release|Default.Deploy.0 = Release
		{B790FF42-4709-4C1F-BB00-A456149A7E72}.Debug|Default.ActiveCfg = Debug
		{B790FF42-4709-4C1F-BB00-A456149A7E72}.Debug|Default.Build.0 = Debug
		{B790FF42-4709-4C1F-BB00-A456149A7E72}.Debug|Default.Deploy.0 = Debug
		{B790FF42-4709-4C1F-BB00-A456149A7E72}.DebugLocal|Default.ActiveCfg = DebugLocal
		{B790FF42-4709-4C1F-BB00-A456149A7E72}.DebugLocal|Default.Build.0 = DebugLocal
		{B790FF42-4709-4C1F-BB00-A456149A7E72}.Release|Default.ActiveCfg = Release
		{B790FF42-4709-4C1F-BB00-A456149A7E72}.Release|Default.Build.0 = Release
		{B790FF42-4709-4C1F-BB00-A456149A7E72}.Release|Default.Deploy.0 = Release
	EndGlobalSection
	GlobalSection(SolutionProperties) = preSolution
		HideSolutionNode = FALSE
	EndGlobalSection
	GlobalSection(TeamFoundationVersionControl) = preSolution
		SccNumberOfProjects = 3
		SccEnterpriseProvider = {4CA58AB2-18FA-4F8D-95D4-32DDF27D184C}
		SccTeamFoundationServer = https://hayessoftware.visualstudio.com/
		SccLocalPath0 = .
		SccProjectUniqueName1 = UFA\u0020Monitor\\UFA\u0020Monitor.rptproj
		SccProjectName1 = UFA\u0020Monitor
		SccLocalPath1 = UFA\u0020Monitor
		SccProjectUniqueName2 = OtherProject\\OtherProject.rptproj
		SccProjectName2 = OtherProject
		SccLocalPath2 = OtherProject
	EndGlobalSection
EndGlobal
