
Microsoft Visual Studio Solution File, Format Version 12.00
# Visual Studio Version 16
VisualStudioVersion = 16.0.30011.22
MinimumVisualStudioVersion = 10.0.40219.1
Project("{159641D6-6404-4A2A-AE62-294DE0FE8301}") = "AlbuquerqueIntegration", "AlbuquerqueIntegration\AlbuquerqueIntegration.dtproj", "{09E25602-D8B9-45E0-972A-6E5D0397AD9F}"
EndProject
Project("{159641D6-6404-4A2A-AE62-294DE0FE8301}") = "ABQ_AssetID", "ABQ_AssetID\ABQ_AssetID.dtproj", "{6B02701F-121D-4896-88B2-5AE225032144}"
EndProject
Project("{159641D6-6404-4A2A-AE62-294DE0FE8301}") = "Albuquerque Lawson PO", "..\..\MAIN\AlbuquerquePS\Albuquerque Lawson PO\Albuquerque Lawson PO.dtproj", "{CF2038D8-32D2-4528-9798-3407054A88DB}"
EndProject
Global
	GlobalSection(SolutionConfigurationPlatforms) = preSolution
		Development|Default = Development|Default
	EndGlobalSection
	GlobalSection(ProjectConfigurationPlatforms) = postSolution
		{09E25602-D8B9-45E0-972A-6E5D0397AD9F}.Development|Default.ActiveCfg = Development
		{09E25602-D8B9-45E0-972A-6E5D0397AD9F}.Development|Default.Build.0 = Development
		{6B02701F-121D-4896-88B2-5AE225032144}.Development|Default.ActiveCfg = Development
		{6B02701F-121D-4896-88B2-5AE225032144}.Development|Default.Build.0 = Development
		{CF2038D8-32D2-4528-9798-3407054A88DB}.Development|Default.ActiveCfg = Development
		{CF2038D8-32D2-4528-9798-3407054A88DB}.Development|Default.Build.0 = Development
	EndGlobalSection
	GlobalSection(SolutionProperties) = preSolution
		HideSolutionNode = FALSE
	EndGlobalSection
	GlobalSection(ExtensibilityGlobals) = postSolution
		SolutionGuid = {F1E9E887-A551-4D6D-9080-DC27C3A199C0}
	EndGlobalSection
	GlobalSection(TeamFoundationVersionControl) = preSolution
		SccNumberOfProjects = 4
		SccEnterpriseProvider = {4CA58AB2-18FA-4F8D-95D4-32DDF27D184C}
		SccTeamFoundationServer = https://hayessoftware.visualstudio.com/
		SccLocalPath0 = .
		SccProjectUniqueName1 = AlbuquerqueIntegration\\AlbuquerqueIntegration.dtproj
		SccProjectName1 = AlbuquerqueIntegration
		SccLocalPath1 = AlbuquerqueIntegration
		SccProjectUniqueName2 = ABQ_AssetID\\ABQ_AssetID.dtproj
		SccProjectName2 = ABQ_AssetID
		SccLocalPath2 = ABQ_AssetID
		SccProjectUniqueName3 = ..\\..\\MAIN\\AlbuquerquePS\\Albuquerque\u0020Lawson\u0020PO\\Albuquerque\u0020Lawson\u0020PO.dtproj
		SccProjectName3 = ../../MAIN/AlbuquerquePS/Albuquerque\u0020Lawson\u0020PO
		SccLocalPath3 = ..\\..\\MAIN\\AlbuquerquePS\\Albuquerque\u0020Lawson\u0020PO
	EndGlobalSection
EndGlobal
