
Microsoft Visual Studio Solution File, Format Version 12.00
# Visual Studio 15
VisualStudioVersion = 15.0.28307.1082
MinimumVisualStudioVersion = 10.0.40219.1
Project("{159641D6-6404-4A2A-AE62-294DE0FE8301}") = "Destiny", "Destiny\Destiny.dtproj", "{642C1360-93F4-441A-B93E-0921DECEE78B}"
EndProject
Global
	GlobalSection(SolutionConfigurationPlatforms) = preSolution
		Development|Default = Development|Default
	EndGlobalSection
	GlobalSection(ProjectConfigurationPlatforms) = postSolution
		{642C1360-93F4-441A-B93E-0921DECEE78B}.Development|Default.ActiveCfg = Development
		{642C1360-93F4-441A-B93E-0921DECEE78B}.Development|Default.Build.0 = Development
	EndGlobalSection
	GlobalSection(SolutionProperties) = preSolution
		HideSolutionNode = FALSE
	EndGlobalSection
	GlobalSection(ExtensibilityGlobals) = postSolution
		SolutionGuid = {9F9F3DFB-5EB6-4896-BE76-555354AADAD6}
	EndGlobalSection
	GlobalSection(TeamFoundationVersionControl) = preSolution
		SccNumberOfProjects = 2
		SccEnterpriseProvider = {4CA58AB2-18FA-4F8D-95D4-32DDF27D184C}
		SccTeamFoundationServer = https://hayessoftware.visualstudio.com/
		SccLocalPath0 = .
		SccProjectUniqueName1 = Destiny\\Destiny.dtproj
		SccProjectName1 = Destiny
		SccLocalPath1 = Destiny
	EndGlobalSection
EndGlobal
