
Microsoft Visual Studio Solution File, Format Version 10.00
# Visual Studio 2008
Project("{D183A3D8-5FD8-494B-B014-37F57B35E655}") = "Austin IFAS", "Austin IFAS\Austin IFAS.dtproj", "{B567BCAF-C5B9-4657-8A6F-5284F2AEA331}"
EndProject
Global
	GlobalSection(TeamFoundationVersionControl) = preSolution
		SccNumberOfProjects = 2
		SccEnterpriseProvider = {4CA58AB2-18FA-4F8D-95D4-32DDF27D184C}
		SccTeamFoundationServer = https://hayessoftware.visualstudio.com/defaultcollection
		SccLocalPath0 = .
		SccProjectUniqueName1 = Austin\u0020IFAS\\Austin\u0020IFAS.dtproj
		SccProjectName1 = Austin\u0020IFAS
		SccLocalPath1 = Austin\u0020IFAS
	EndGlobalSection
	GlobalSection(SolutionConfigurationPlatforms) = preSolution
		Development|Default = Development|Default
	EndGlobalSection
	GlobalSection(ProjectConfigurationPlatforms) = postSolution
		{B567BCAF-C5B9-4657-8A6F-5284F2AEA331}.Development|Default.ActiveCfg = Development
		{B567BCAF-C5B9-4657-8A6F-5284F2AEA331}.Development|Default.Build.0 = Development
	EndGlobalSection
	GlobalSection(SolutionProperties) = preSolution
		HideSolutionNode = FALSE
	EndGlobalSection
EndGlobal
