
Microsoft Visual Studio Solution File, Format Version 10.00
# Visual Studio 2008
Project("{D183A3D8-5FD8-494B-B014-37F57B35E655}") = "AustinISD", "AustinISD\AustinISD.dtproj", "{061E8807-B18B-4713-AF6A-F5450DF81FC5}"
EndProject
Global
	GlobalSection(TeamFoundationVersionControl) = preSolution
		SccNumberOfProjects = 2
		SccEnterpriseProvider = {4CA58AB2-18FA-4F8D-95D4-32DDF27D184C}
		SccTeamFoundationServer = https://hayessoftware.visualstudio.com/defaultcollection
		SccProjectUniqueName0 = AustinISD\\AustinISD.dtproj
		SccProjectName0 = AustinISD
		SccLocalPath0 = AustinISD
		SccLocalPath1 = .
	EndGlobalSection
	GlobalSection(SolutionConfigurationPlatforms) = preSolution
		Development|Default = Development|Default
	EndGlobalSection
	GlobalSection(ProjectConfigurationPlatforms) = postSolution
		{061E8807-B18B-4713-AF6A-F5450DF81FC5}.Development|Default.ActiveCfg = Development
		{061E8807-B18B-4713-AF6A-F5450DF81FC5}.Development|Default.Build.0 = Development
	EndGlobalSection
	GlobalSection(SolutionProperties) = preSolution
		HideSolutionNode = FALSE
	EndGlobalSection
EndGlobal
