
Microsoft Visual Studio Solution File, Format Version 12.00
# Visual Studio Version 16
VisualStudioVersion = 16.0.30011.22
MinimumVisualStudioVersion = 10.0.40219.1
Project("{159641D6-6404-4A2A-AE62-294DE0FE8301}") = "HoustonSAPBulk", "HoustonSAPBulk\HoustonSAPBulk.dtproj", "{18AD639B-10DF-4629-8629-AFD7FA823C48}"
EndProject
Project("{159641D6-6404-4A2A-AE62-294DE0FE8301}") = "WarehouseExport", "WarehouseExport\WarehouseExport.dtproj", "{8194294A-8090-4558-BF2F-0BA0A4A09C98}"
EndProject
Global
	GlobalSection(SolutionConfigurationPlatforms) = preSolution
		Development|Default = Development|Default
	EndGlobalSection
	GlobalSection(ProjectConfigurationPlatforms) = postSolution
		{18AD639B-10DF-4629-8629-AFD7FA823C48}.Development|Default.ActiveCfg = Development
		{18AD639B-10DF-4629-8629-AFD7FA823C48}.Development|Default.Build.0 = Development
		{8194294A-8090-4558-BF2F-0BA0A4A09C98}.Development|Default.ActiveCfg = Development
		{8194294A-8090-4558-BF2F-0BA0A4A09C98}.Development|Default.Build.0 = Development
	EndGlobalSection
	GlobalSection(SolutionProperties) = preSolution
		HideSolutionNode = FALSE
	EndGlobalSection
	GlobalSection(ExtensibilityGlobals) = postSolution
		SolutionGuid = {E9E631D2-E1F3-4B6C-9A2E-99C50695B7D8}
	EndGlobalSection
	GlobalSection(TeamFoundationVersionControl) = preSolution
		SccNumberOfProjects = 3
		SccEnterpriseProvider = {4CA58AB2-18FA-4F8D-95D4-32DDF27D184C}
		SccTeamFoundationServer = https://hayessoftware.visualstudio.com/
		SccLocalPath0 = .
		SccProjectUniqueName1 = HoustonSAPBulk\\HoustonSAPBulk.dtproj
		SccProjectName1 = HoustonSAPBulk
		SccLocalPath1 = HoustonSAPBulk
		SccProjectUniqueName2 = WarehouseExport\\WarehouseExport.dtproj
		SccProjectName2 = WarehouseExport
		SccLocalPath2 = WarehouseExport
	EndGlobalSection
EndGlobal
