
Microsoft Visual Studio Solution File, Format Version 10.00
# Visual Studio 2008
Project("{F14B399A-7131-4C87-9E4B-1186C45EF12D}") = "ITValidationSanityCheck", "ITValidationSanityCheck.rptproj", "{77D4A3FE-877F-4F11-8387-A6A561D66B17}"
EndProject
Global
	GlobalSection(TeamFoundationVersionControl) = preSolution
		SccNumberOfProjects = 2
		SccEnterpriseProvider = {4CA58AB2-18FA-4F8D-95D4-32DDF27D184C}
		SccTeamFoundationServer = https://hayessoftware.visualstudio.com/DefaultCollection
		SccLocalPath0 = .
		SccProjectUniqueName1 = ITValidationSanityCheck.rptproj
		SccLocalPath1 = .
	EndGlobalSection
	GlobalSection(SolutionConfigurationPlatforms) = preSolution
		Debug|Default = Debug|Default
		DebugLocal|Default = DebugLocal|Default
		Release|Default = Release|Default
	EndGlobalSection
	GlobalSection(ProjectConfigurationPlatforms) = postSolution
		{77D4A3FE-877F-4F11-8387-A6A561D66B17}.Debug|Default.ActiveCfg = Debug
		{77D4A3FE-877F-4F11-8387-A6A561D66B17}.Debug|Default.Build.0 = DebugLocal
		{77D4A3FE-877F-4F11-8387-A6A561D66B17}.Debug|Default.Deploy.0 = DebugLocal
		{77D4A3FE-877F-4F11-8387-A6A561D66B17}.DebugLocal|Default.ActiveCfg = DebugLocal
		{77D4A3FE-877F-4F11-8387-A6A561D66B17}.DebugLocal|Default.Build.0 = DebugLocal
		{77D4A3FE-877F-4F11-8387-A6A561D66B17}.Release|Default.ActiveCfg = Release
		{77D4A3FE-877F-4F11-8387-A6A561D66B17}.Release|Default.Build.0 = Release
		{77D4A3FE-877F-4F11-8387-A6A561D66B17}.Release|Default.Deploy.0 = Release
	EndGlobalSection
	GlobalSection(SolutionProperties) = preSolution
		HideSolutionNode = FALSE
	EndGlobalSection
EndGlobal
