
Microsoft Visual Studio Solution File, Format Version 12.00
# Visual Studio Version 16
VisualStudioVersion = 16.0.30011.22
MinimumVisualStudioVersion = 10.0.40219.1
Project("{159641D6-6404-4A2A-AE62-294DE0FE8301}") = "CollegeStation", "CollegeStation\CollegeStation.dtproj", "{818E460F-335B-4C9B-8FFA-3272D0423A47}"
EndProject
Project("{159641D6-6404-4A2A-AE62-294DE0FE8301}") = "CollegeStationPO", "CollegeStationPO\CollegeStationPO.dtproj", "{8A692A8F-FA44-40C4-B5E2-DF27A1B72FBA}"
EndProject
Global
	GlobalSection(SolutionConfigurationPlatforms) = preSolution
		Development|Default = Development|Default
	EndGlobalSection
	GlobalSection(ProjectConfigurationPlatforms) = postSolution
		{818E460F-335B-4C9B-8FFA-3272D0423A47}.Development|Default.ActiveCfg = Development
		{818E460F-335B-4C9B-8FFA-3272D0423A47}.Development|Default.Build.0 = Development
		{8A692A8F-FA44-40C4-B5E2-DF27A1B72FBA}.Development|Default.ActiveCfg = Development
		{8A692A8F-FA44-40C4-B5E2-DF27A1B72FBA}.Development|Default.Build.0 = Development
	EndGlobalSection
	GlobalSection(SolutionProperties) = preSolution
		HideSolutionNode = FALSE
	EndGlobalSection
	GlobalSection(ExtensibilityGlobals) = postSolution
		SolutionGuid = {6B9E6465-8C14-4B57-873D-FC78EEEB0BA3}
	EndGlobalSection
	GlobalSection(TeamFoundationVersionControl) = preSolution
		SccNumberOfProjects = 3
		SccEnterpriseProvider = {4CA58AB2-18FA-4F8D-95D4-32DDF27D184C}
		SccTeamFoundationServer = https://hayessoftware.visualstudio.com/
		SccProjectUniqueName0 = CollegeStation\\CollegeStation.dtproj
		SccProjectName0 = CollegeStation
		SccLocalPath0 = CollegeStation
		SccLocalPath1 = .
		SccProjectUniqueName2 = CollegeStationPO\\CollegeStationPO.dtproj
		SccProjectName2 = CollegeStationPO
		SccLocalPath2 = CollegeStationPO
	EndGlobalSection
EndGlobal
