
Microsoft Visual Studio Solution File, Format Version 12.00
# Visual Studio Version 16
VisualStudioVersion = 16.0.30011.22
MinimumVisualStudioVersion = 10.0.40219.1
Project("{159641D6-6404-4A2A-AE62-294DE0FE8301}") = "Spokane", "Spokane\Spokane.dtproj", "{8F555A99-0C63-4DB9-AF08-D8809649C422}"
EndProject
Project("{159641D6-6404-4A2A-AE62-294DE0FE8301}") = "DPP", "DPP\DPP.dtproj", "{A03E2083-F604-4718-B4E2-0B097C1ABD08}"
EndProject
Global
	GlobalSection(SolutionConfigurationPlatforms) = preSolution
		Development|Default = Development|Default
	EndGlobalSection
	GlobalSection(ProjectConfigurationPlatforms) = postSolution
		{8F555A99-0C63-4DB9-AF08-D8809649C422}.Development|Default.ActiveCfg = Development
		{8F555A99-0C63-4DB9-AF08-D8809649C422}.Development|Default.Build.0 = Development
		{A03E2083-F604-4718-B4E2-0B097C1ABD08}.Development|Default.ActiveCfg = Development
		{A03E2083-F604-4718-B4E2-0B097C1ABD08}.Development|Default.Build.0 = Development
	EndGlobalSection
	GlobalSection(SolutionProperties) = preSolution
		HideSolutionNode = FALSE
	EndGlobalSection
	GlobalSection(ExtensibilityGlobals) = postSolution
		SolutionGuid = {55571C24-976A-4116-9F11-715FC6E1FE01}
	EndGlobalSection
	GlobalSection(TeamFoundationVersionControl) = preSolution
		SccNumberOfProjects = 3
		SccEnterpriseProvider = {4CA58AB2-18FA-4F8D-95D4-32DDF27D184C}
		SccTeamFoundationServer = https://hayessoftware.visualstudio.com/
		SccLocalPath0 = .
		SccProjectUniqueName1 = Spokane\\Spokane.dtproj
		SccProjectName1 = Spokane
		SccLocalPath1 = Spokane
		SccProjectUniqueName2 = DPP\\DPP.dtproj
		SccProjectName2 = DPP
		SccLocalPath2 = DPP
	EndGlobalSection
EndGlobal
