
Microsoft Visual Studio Solution File, Format Version 12.00
# Visual Studio 15
VisualStudioVersion = 15.0.28307.902
MinimumVisualStudioVersion = 10.0.40219.1
Project("{159641D6-6404-4A2A-AE62-294DE0FE8301}") = "PeopleSoft", "PeopleSoft\PeopleSoft.dtproj", "{EF81FA32-FDC5-4D70-B7BC-4B33B89C5216}"
EndProject
Global
	GlobalSection(SolutionConfigurationPlatforms) = preSolution
		Development|Default = Development|Default
	EndGlobalSection
	GlobalSection(ProjectConfigurationPlatforms) = postSolution
		{EF81FA32-FDC5-4D70-B7BC-4B33B89C5216}.Development|Default.ActiveCfg = Development
		{EF81FA32-FDC5-4D70-B7BC-4B33B89C5216}.Development|Default.Build.0 = Development
	EndGlobalSection
	GlobalSection(SolutionProperties) = preSolution
		HideSolutionNode = FALSE
	EndGlobalSection
	GlobalSection(ExtensibilityGlobals) = postSolution
		SolutionGuid = {8C0FB11B-9714-47B4-969D-16D11CD39126}
	EndGlobalSection
	GlobalSection(TeamFoundationVersionControl) = preSolution
		SccNumberOfProjects = 2
		SccEnterpriseProvider = {4CA58AB2-18FA-4F8D-95D4-32DDF27D184C}
		SccTeamFoundationServer = https://hayessoftware.visualstudio.com/
		SccLocalPath0 = .
		SccProjectUniqueName1 = PeopleSoft\\PeopleSoft.dtproj
		SccProjectName1 = PeopleSoft
		SccLocalPath1 = PeopleSoft
	EndGlobalSection
EndGlobal
