
Microsoft Visual Studio Solution File, Format Version 12.00
# Visual Studio Version 16
VisualStudioVersion = 16.0.30011.22
MinimumVisualStudioVersion = 10.0.40219.1
Project("{159641D6-6404-4A2A-AE62-294DE0FE8301}") = "FortWorthIntegration", "FortWorthIntegration\FortWorthIntegration.dtproj", "{09E25602-D8B9-45E0-972A-6E5D0397AD9F}"
EndProject
Project("{159641D6-6404-4A2A-AE62-294DE0FE8301}") = "AbsoluteAssetExport", "AbsoluteAssetExport\AbsoluteAssetExport.dtproj", "{AD0039D4-033B-46AC-B5A3-67C57111DA32}"
EndProject
Global
	GlobalSection(SolutionConfigurationPlatforms) = preSolution
		Development|Default = Development|Default
	EndGlobalSection
	GlobalSection(ProjectConfigurationPlatforms) = postSolution
		{09E25602-D8B9-45E0-972A-6E5D0397AD9F}.Development|Default.ActiveCfg = Development
		{09E25602-D8B9-45E0-972A-6E5D0397AD9F}.Development|Default.Build.0 = Development
		{AD0039D4-033B-46AC-B5A3-67C57111DA32}.Development|Default.ActiveCfg = Development
		{AD0039D4-033B-46AC-B5A3-67C57111DA32}.Development|Default.Build.0 = Development
	EndGlobalSection
	GlobalSection(SolutionProperties) = preSolution
		HideSolutionNode = FALSE
	EndGlobalSection
	GlobalSection(ExtensibilityGlobals) = postSolution
		SolutionGuid = {F4F3C2CD-0AEF-422E-84F8-BD915F8188E6}
	EndGlobalSection
	GlobalSection(TeamFoundationVersionControl) = preSolution
		SccNumberOfProjects = 3
		SccEnterpriseProvider = {4CA58AB2-18FA-4F8D-95D4-32DDF27D184C}
		SccTeamFoundationServer = https://hayessoftware.visualstudio.com/
		SccLocalPath0 = .
		SccProjectUniqueName1 = FortWorthIntegration\\FortWorthIntegration.dtproj
		SccProjectName1 = FortWorthIntegration
		SccLocalPath1 = FortWorthIntegration
		SccProjectUniqueName2 = AbsoluteAssetExport\\AbsoluteAssetExport.dtproj
		SccProjectName2 = AbsoluteAssetExport
		SccLocalPath2 = AbsoluteAssetExport
	EndGlobalSection
EndGlobal
