
Microsoft Visual Studio Solution File, Format Version 10.00
# Visual Studio 2008
Project("{D183A3D8-5FD8-494B-B014-37F57B35E655}") = "Northeast IM Reporting", "Northeast IM Reporting\Northeast IM Reporting.dtproj", "{2EF2C450-A3CC-4F1D-B7CB-382C07316F95}"
EndProject
Global
	GlobalSection(TeamFoundationVersionControl) = preSolution
		SccNumberOfProjects = 2
		SccEnterpriseProvider = {4CA58AB2-18FA-4F8D-95D4-32DDF27D184C}
		SccTeamFoundationServer = https://hayessoftware.visualstudio.com/DefaultCollection
		SccLocalPath0 = .
		SccProjectUniqueName1 = Northeast\u0020IM\u0020Reporting\\Northeast\u0020IM\u0020Reporting.dtproj
		SccProjectName1 = Northeast\u0020IM\u0020Reporting
		SccLocalPath1 = Northeast\u0020IM\u0020Reporting
	EndGlobalSection
	GlobalSection(SolutionConfigurationPlatforms) = preSolution
		Development|Default = Development|Default
	EndGlobalSection
	GlobalSection(ProjectConfigurationPlatforms) = postSolution
		{2EF2C450-A3CC-4F1D-B7CB-382C07316F95}.Development|Default.ActiveCfg = Development
		{2EF2C450-A3CC-4F1D-B7CB-382C07316F95}.Development|Default.Build.0 = Development
	EndGlobalSection
	GlobalSection(SolutionProperties) = preSolution
		HideSolutionNode = FALSE
	EndGlobalSection
EndGlobal
