
Microsoft Visual Studio Solution File, Format Version 12.00
# Visual Studio 14
VisualStudioVersion = 14.0.25420.1
MinimumVisualStudioVersion = 10.0.40219.1
Project("{159641D6-6404-4A2A-AE62-294DE0FE8301}") = "SolarWinds_WebHelpDesk", "SolarWinds_WebHelpDesk\SolarWinds_WebHelpDesk.dtproj", "{FB0A8577-AD07-42FA-BC3F-7EF1D06DAB83}"
EndProject
Global
	GlobalSection(SolutionConfigurationPlatforms) = preSolution
		Development|Default = Development|Default
	EndGlobalSection
	GlobalSection(ProjectConfigurationPlatforms) = postSolution
		{FB0A8577-AD07-42FA-BC3F-7EF1D06DAB83}.Development|Default.ActiveCfg = Development
		{FB0A8577-AD07-42FA-BC3F-7EF1D06DAB83}.Development|Default.Build.0 = Development
	EndGlobalSection
	GlobalSection(SolutionProperties) = preSolution
		HideSolutionNode = FALSE
	EndGlobalSection
	GlobalSection(ExtensibilityGlobals) = postSolution
		SolutionGuid = {01ABD0A2-C0AD-4B51-93FD-82B4418ACB91}
	EndGlobalSection
	GlobalSection(TeamFoundationVersionControl) = preSolution
		SccNumberOfProjects = 2
		SccEnterpriseProvider = {4CA58AB2-18FA-4F8D-95D4-32DDF27D184C}
		SccTeamFoundationServer = https://hayessoftware.visualstudio.com/
		SccLocalPath0 = .
		SccProjectUniqueName1 = SolarWinds_WebHelpDesk\\SolarWinds_WebHelpDesk.dtproj
		SccProjectName1 = SolarWinds_WebHelpDesk
		SccLocalPath1 = SolarWinds_WebHelpDesk
	EndGlobalSection
EndGlobal
