
Microsoft Visual Studio Solution File, Format Version 12.00
# Visual Studio Version 16
VisualStudioVersion = 16.0.30011.22
MinimumVisualStudioVersion = 10.0.40219.1
Project("{159641D6-6404-4A2A-AE62-294DE0FE8301}") = "Anne Arundel", "Anne Arundel\Anne Arundel.dtproj", "{0B58A926-DAF5-4B9F-B4C5-87AEF081FF08}"
EndProject
Global
	GlobalSection(SolutionConfigurationPlatforms) = preSolution
		Development|Default = Development|Default
	EndGlobalSection
	GlobalSection(ProjectConfigurationPlatforms) = postSolution
		{0B58A926-DAF5-4B9F-B4C5-87AEF081FF08}.Development|Default.ActiveCfg = Development
		{0B58A926-DAF5-4B9F-B4C5-87AEF081FF08}.Development|Default.Build.0 = Development
	EndGlobalSection
	GlobalSection(SolutionProperties) = preSolution
		HideSolutionNode = FALSE
	EndGlobalSection
	GlobalSection(ExtensibilityGlobals) = postSolution
		SolutionGuid = {66CF7314-5125-4C01-BBCE-62E3C94B1F8F}
	EndGlobalSection
	GlobalSection(TeamFoundationVersionControl) = preSolution
		SccNumberOfProjects = 2
		SccEnterpriseProvider = {4CA58AB2-18FA-4F8D-95D4-32DDF27D184C}
		SccTeamFoundationServer = https://hayessoftware.visualstudio.com/
		SccLocalPath0 = .
		SccProjectUniqueName1 = Anne\u0020Arundel\\Anne\u0020Arundel.dtproj
		SccProjectName1 = Anne\u0020Arundel
		SccLocalPath1 = Anne\u0020Arundel
	EndGlobalSection
EndGlobal
