
Microsoft Visual Studio Solution File, Format Version 12.00
# Visual Studio Version 16
VisualStudioVersion = 16.0.30011.22
MinimumVisualStudioVersion = 10.0.40219.1
Project("{159641D6-6404-4A2A-AE62-294DE0FE8301}") = "CollegeStation", "CollegeStation.dtproj", "{D057406E-DBA9-4B7C-941D-CB4C99A3D6B9}"
EndProject
Project("{159641D6-6404-4A2A-AE62-294DE0FE8301}") = "CollegeStationPO", "..\CollegeStationPO\CollegeStationPO.dtproj", "{50188169-8149-4119-97FB-88322A1E9422}"
EndProject
Global
	GlobalSection(SolutionConfigurationPlatforms) = preSolution
		Development|Default = Development|Default
	EndGlobalSection
	GlobalSection(ProjectConfigurationPlatforms) = postSolution
		{D057406E-DBA9-4B7C-941D-CB4C99A3D6B9}.Development|Default.ActiveCfg = Development
		{D057406E-DBA9-4B7C-941D-CB4C99A3D6B9}.Development|Default.Build.0 = Development
		{50188169-8149-4119-97FB-88322A1E9422}.Development|Default.ActiveCfg = Development
		{50188169-8149-4119-97FB-88322A1E9422}.Development|Default.Build.0 = Development
	EndGlobalSection
	GlobalSection(SolutionProperties) = preSolution
		HideSolutionNode = FALSE
	EndGlobalSection
	GlobalSection(ExtensibilityGlobals) = postSolution
		SolutionGuid = {E0EA6765-BDF4-47B4-84F6-973FBDD159A1}
	EndGlobalSection
	GlobalSection(TeamFoundationVersionControl) = preSolution
		SccNumberOfProjects = 3
		SccEnterpriseProvider = {4CA58AB2-18FA-4F8D-95D4-32DDF27D184C}
		SccTeamFoundationServer = https://hayessoftware.visualstudio.com/
		SccLocalPath0 = .
		SccProjectUniqueName1 = CollegeStation.dtproj
		SccLocalPath1 = .
		SccProjectUniqueName2 = ..\\CollegeStationPO\\CollegeStationPO.dtproj
		SccProjectName2 = ../CollegeStationPO
		SccLocalPath2 = ..\\CollegeStationPO
	EndGlobalSection
EndGlobal
