
Microsoft Visual Studio Solution File, Format Version 12.00
# Visual Studio 15
VisualStudioVersion = 15.0.27703.2042
MinimumVisualStudioVersion = 10.0.40219.1
Project("{159641D6-6404-4A2A-AE62-294DE0FE8301}") = "Absolute Export", "Absolute Export\Absolute Export.dtproj", "{D8B549E8-6CDC-4F64-8A57-BE95F3F0761B}"
EndProject
Global
	GlobalSection(SolutionConfigurationPlatforms) = preSolution
		Development|Default = Development|Default
	EndGlobalSection
	GlobalSection(ProjectConfigurationPlatforms) = postSolution
		{D8B549E8-6CDC-4F64-8A57-BE95F3F0761B}.Development|Default.ActiveCfg = Development
		{D8B549E8-6CDC-4F64-8A57-BE95F3F0761B}.Development|Default.Build.0 = Development
	EndGlobalSection
	GlobalSection(SolutionProperties) = preSolution
		HideSolutionNode = FALSE
	EndGlobalSection
	GlobalSection(ExtensibilityGlobals) = postSolution
		SolutionGuid = {EF391B49-C799-4205-9B70-B17D0055050C}
	EndGlobalSection
EndGlobal
