
Microsoft Visual Studio Solution File, Format Version 12.00
# Visual Studio 15
VisualStudioVersion = 15.0.27130.2027
MinimumVisualStudioVersion = 10.0.40219.1
Project("{9A19103F-16F7-4668-BE54-9A1E7A4F7556}") = "MiddleWay", "MiddleWay\MiddleWay.csproj", "{216D8151-A5A5-4159-9474-EBDF50218F0E}"
EndProject
Project("{9A19103F-16F7-4668-BE54-9A1E7A4F7556}") = "MiddleWay_BLL", "MiddleWay_BLL\MiddleWay_BLL.csproj", "{076C0146-AA07-4039-8C90-994469D46444}"
EndProject
Project("{9A19103F-16F7-4668-BE54-9A1E7A4F7556}") = "MiddleWay_Controller", "MiddleWay_Controller\MiddleWay_Controller.csproj", "{7E56FF7C-10AA-4134-9112-AF8DACF4C90F}"
EndProject
Project("{9A19103F-16F7-4668-BE54-9A1E7A4F7556}") = "TIPWeb_Controller", "TIPWeb_Controller\TIPWeb_Controller.csproj", "{AD778D60-6341-4050-B7C1-8F1AF94022E7}"
EndProject
Project("{9A19103F-16F7-4668-BE54-9A1E7A4F7556}") = "MiddleWay_DTO", "MiddleWay_DTO\MiddleWay_DTO.csproj", "{8B7C78B4-C736-4402-9D89-4DFCEFC50A67}"
EndProject
Project("{9A19103F-16F7-4668-BE54-9A1E7A4F7556}") = "MiddleWay_EDS", "MiddleWay_EDS\MiddleWay_EDS.csproj", "{6BD2D3EA-25C8-4233-9DBD-B7942E44C769}"
EndProject
Project("{9A19103F-16F7-4668-BE54-9A1E7A4F7556}") = "MiddleWay_Utilities", "MiddleWay_Utilities\MiddleWay_Utilities.csproj", "{87ABACBE-8BE4-41BB-BEEE-3C2D246D7CF0}"
EndProject
Project("{9A19103F-16F7-4668-BE54-9A1E7A4F7556}") = "MiddleWay.Tests", "MiddleWay.Tests\MiddleWay.Tests.csproj", "{4B24E8A8-9E18-4F17-A28B-75DDF193019C}"
EndProject
Global
	GlobalSection(SolutionConfigurationPlatforms) = preSolution
		Debug|Any CPU = Debug|Any CPU
		Release|Any CPU = Release|Any CPU
	EndGlobalSection
	GlobalSection(ProjectConfigurationPlatforms) = postSolution
		{216D8151-A5A5-4159-9474-EBDF50218F0E}.Debug|Any CPU.ActiveCfg = Debug|Any CPU
		{216D8151-A5A5-4159-9474-EBDF50218F0E}.Debug|Any CPU.Build.0 = Debug|Any CPU
		{216D8151-A5A5-4159-9474-EBDF50218F0E}.Release|Any CPU.ActiveCfg = Release|Any CPU
		{216D8151-A5A5-4159-9474-EBDF50218F0E}.Release|Any CPU.Build.0 = Release|Any CPU
		{076C0146-AA07-4039-8C90-994469D46444}.Debug|Any CPU.ActiveCfg = Debug|Any CPU
		{076C0146-AA07-4039-8C90-994469D46444}.Debug|Any CPU.Build.0 = Debug|Any CPU
		{076C0146-AA07-4039-8C90-994469D46444}.Release|Any CPU.ActiveCfg = Release|Any CPU
		{076C0146-AA07-4039-8C90-994469D46444}.Release|Any CPU.Build.0 = Release|Any CPU
		{8B7C78B4-C736-4402-9D89-4DFCEFC50A67}.Debug|Any CPU.ActiveCfg = Debug|Any CPU
		{8B7C78B4-C736-4402-9D89-4DFCEFC50A67}.Debug|Any CPU.Build.0 = Debug|Any CPU
		{8B7C78B4-C736-4402-9D89-4DFCEFC50A67}.Release|Any CPU.ActiveCfg = Release|Any CPU
		{8B7C78B4-C736-4402-9D89-4DFCEFC50A67}.Release|Any CPU.Build.0 = Release|Any CPU
		{AD778D60-6341-4050-B7C1-8F1AF94022E7}.Debug|Any CPU.ActiveCfg = Debug|Any CPU
		{AD778D60-6341-4050-B7C1-8F1AF94022E7}.Debug|Any CPU.Build.0 = Debug|Any CPU
		{AD778D60-6341-4050-B7C1-8F1AF94022E7}.Release|Any CPU.ActiveCfg = Release|Any CPU
		{AD778D60-6341-4050-B7C1-8F1AF94022E7}.Release|Any CPU.Build.0 = Release|Any CPU
		{6BD2D3EA-25C8-4233-9DBD-B7942E44C769}.Debug|Any CPU.ActiveCfg = Debug|Any CPU
		{6BD2D3EA-25C8-4233-9DBD-B7942E44C769}.Debug|Any CPU.Build.0 = Debug|Any CPU
		{6BD2D3EA-25C8-4233-9DBD-B7942E44C769}.Release|Any CPU.ActiveCfg = Release|Any CPU
		{6BD2D3EA-25C8-4233-9DBD-B7942E44C769}.Release|Any CPU.Build.0 = Release|Any CPU
		{87ABACBE-8BE4-41BB-BEEE-3C2D246D7CF0}.Debug|Any CPU.ActiveCfg = Debug|Any CPU
		{87ABACBE-8BE4-41BB-BEEE-3C2D246D7CF0}.Debug|Any CPU.Build.0 = Debug|Any CPU
		{87ABACBE-8BE4-41BB-BEEE-3C2D246D7CF0}.Release|Any CPU.ActiveCfg = Release|Any CPU
		{87ABACBE-8BE4-41BB-BEEE-3C2D246D7CF0}.Release|Any CPU.Build.0 = Release|Any CPU
		{4B24E8A8-9E18-4F17-A28B-75DDF193019C}.Debug|Any CPU.ActiveCfg = Debug|Any CPU
		{4B24E8A8-9E18-4F17-A28B-75DDF193019C}.Debug|Any CPU.Build.0 = Debug|Any CPU
		{4B24E8A8-9E18-4F17-A28B-75DDF193019C}.Release|Any CPU.ActiveCfg = Release|Any CPU
		{4B24E8A8-9E18-4F17-A28B-75DDF193019C}.Release|Any CPU.Build.0 = Release|Any CPU
		{7E56FF7C-10AA-4134-9112-AF8DACF4C90F}.Debug|Any CPU.ActiveCfg = Debug|Any CPU
		{7E56FF7C-10AA-4134-9112-AF8DACF4C90F}.Debug|Any CPU.Build.0 = Debug|Any CPU
		{7E56FF7C-10AA-4134-9112-AF8DACF4C90F}.Release|Any CPU.ActiveCfg = Release|Any CPU
		{7E56FF7C-10AA-4134-9112-AF8DACF4C90F}.Release|Any CPU.Build.0 = Release|Any CPU
	EndGlobalSection
	GlobalSection(SolutionProperties) = preSolution
		HideSolutionNode = FALSE
	EndGlobalSection
	GlobalSection(ExtensibilityGlobals) = postSolution
		SolutionGuid = {91F48486-A7F7-49A4-85DA-E6342A542646}
	EndGlobalSection
	GlobalSection(TeamFoundationVersionControl) = preSolution
		SccNumberOfProjects = 9
		SccEnterpriseProvider = {4CA58AB2-18FA-4F8D-95D4-32DDF27D184C}
		SccTeamFoundationServer = https://hayessoftware.visualstudio.com/
		SccLocalPath0 = .
		SccProjectUniqueName1 = MiddleWay\\MiddleWay.csproj
		SccProjectName1 = MiddleWay
		SccLocalPath1 = MiddleWay
		SccProjectUniqueName2 = MiddleWay_BLL\\MiddleWay_BLL.csproj
		SccProjectName2 = MiddleWay_BLL
		SccLocalPath2 = MiddleWay_BLL
		SccProjectUniqueName3 = MiddleWay_DTO\\MiddleWay_DTO.csproj
		SccProjectName3 = MiddleWay_DTO
		SccLocalPath3 = MiddleWay_DTO
		SccProjectUniqueName4 = TIPWeb_Controller\\TIPWeb_Controller.csproj
		SccProjectName4 = TIPWeb_Controller
		SccLocalPath4 = TIPWeb_Controller
		SccProjectUniqueName5 = MiddleWay_EDS\\MiddleWay_EDS.csproj
		SccProjectName5 = MiddleWay_EDS
		SccLocalPath5 = MiddleWay_EDS
		SccProjectUniqueName6 = MiddleWay_Utilities\\MiddleWay_Utilities.csproj
		SccProjectName6 = MiddleWay_Utilities
		SccLocalPath6 = MiddleWay_Utilities
		SccProjectUniqueName7 = MiddleWay.Tests\\MiddleWay.Tests.csproj
		SccProjectName7 = MiddleWay.Tests
		SccLocalPath7 = MiddleWay.Tests
		SccProjectUniqueName8 = MiddleWay_Controller\\MiddleWay_Controller.csproj
		SccProjectName8 = MiddleWay_Controller
		SccLocalPath8 = MiddleWay_Controller
	EndGlobalSection
EndGlobal
