
Microsoft Visual Studio Solution File, Format Version 12.00
# Visual Studio 14
VisualStudioVersion = 14.0.25420.1
MinimumVisualStudioVersion = 10.0.40219.1
Project("{159641D6-6404-4A2A-AE62-294DE0FE8301}") = "TechXL", "TechXL\TechXL.dtproj", "{71C75DF0-A73F-4227-9AD4-E1E1A02A0D31}"
EndProject
Global
	GlobalSection(SolutionConfigurationPlatforms) = preSolution
		Development|Default = Development|Default
	EndGlobalSection
	GlobalSection(ProjectConfigurationPlatforms) = postSolution
		{71C75DF0-A73F-4227-9AD4-E1E1A02A0D31}.Development|Default.ActiveCfg = Development
		{71C75DF0-A73F-4227-9AD4-E1E1A02A0D31}.Development|Default.Build.0 = Development
	EndGlobalSection
	GlobalSection(SolutionProperties) = preSolution
		HideSolutionNode = FALSE
	EndGlobalSection
	GlobalSection(ExtensibilityGlobals) = postSolution
		SolutionGuid = {5F4D7B23-9AA0-4574-8AC4-9F4E0D5E39BF}
	EndGlobalSection
	GlobalSection(TeamFoundationVersionControl) = preSolution
		SccNumberOfProjects = 2
		SccEnterpriseProvider = {4CA58AB2-18FA-4F8D-95D4-32DDF27D184C}
		SccTeamFoundationServer = https://hayessoftware.visualstudio.com/
		SccLocalPath0 = .
		SccProjectUniqueName1 = TechXL\\TechXL.dtproj
		SccProjectName1 = TechXL
		SccLocalPath1 = TechXL
	EndGlobalSection
EndGlobal
