
Microsoft Visual Studio Solution File, Format Version 12.00
# Visual Studio Version 16
VisualStudioVersion = 16.0.30011.22
MinimumVisualStudioVersion = 10.0.40219.1
Project("{159641D6-6404-4A2A-AE62-294DE0FE8301}") = "Absolute", "Absolute\Absolute.dtproj", "{223256B1-C19A-4A0D-8020-D935C253D049}"
EndProject
Project("{159641D6-6404-4A2A-AE62-294DE0FE8301}") = "MDM", "MDM\MDM.dtproj", "{8FC4BFEF-E2F7-4DB0-90F6-AC76C2853D6E}"
EndProject
Global
	GlobalSection(SolutionConfigurationPlatforms) = preSolution
		Development|Default = Development|Default
	EndGlobalSection
	GlobalSection(ProjectConfigurationPlatforms) = postSolution
		{223256B1-C19A-4A0D-8020-D935C253D049}.Development|Default.ActiveCfg = Development
		{223256B1-C19A-4A0D-8020-D935C253D049}.Development|Default.Build.0 = Development
		{8FC4BFEF-E2F7-4DB0-90F6-AC76C2853D6E}.Development|Default.ActiveCfg = Development
		{8FC4BFEF-E2F7-4DB0-90F6-AC76C2853D6E}.Development|Default.Build.0 = Development
	EndGlobalSection
	GlobalSection(SolutionProperties) = preSolution
		HideSolutionNode = FALSE
	EndGlobalSection
	GlobalSection(ExtensibilityGlobals) = postSolution
		SolutionGuid = {A0062052-909E-4D15-9937-3ABF089C57C5}
	EndGlobalSection
	GlobalSection(TeamFoundationVersionControl) = preSolution
		SccNumberOfProjects = 3
		SccEnterpriseProvider = {4CA58AB2-18FA-4F8D-95D4-32DDF27D184C}
		SccTeamFoundationServer = https://hayessoftware.visualstudio.com/
		SccLocalPath0 = .
		SccProjectUniqueName1 = Absolute\\Absolute.dtproj
		SccProjectName1 = Absolute
		SccLocalPath1 = Absolute
		SccProjectUniqueName2 = MDM\\MDM.dtproj
		SccProjectName2 = MDM
		SccLocalPath2 = MDM
	EndGlobalSection
EndGlobal
