
Microsoft Visual Studio Solution File, Format Version 12.00
# Visual Studio Version 16
VisualStudioVersion = 16.0.30011.22
MinimumVisualStudioVersion = 10.0.40219.1
Project("{159641D6-6404-4A2A-AE62-294DE0FE8301}") = "TechXL Project", "TechXL Project\TechXL Project.dtproj", "{EB7E8108-B53B-46BA-B00C-A743CB31736C}"
EndProject
Global
	GlobalSection(SolutionConfigurationPlatforms) = preSolution
		Development|Default = Development|Default
	EndGlobalSection
	GlobalSection(ProjectConfigurationPlatforms) = postSolution
		{EB7E8108-B53B-46BA-B00C-A743CB31736C}.Development|Default.ActiveCfg = Development
		{EB7E8108-B53B-46BA-B00C-A743CB31736C}.Development|Default.Build.0 = Development
	EndGlobalSection
	GlobalSection(SolutionProperties) = preSolution
		HideSolutionNode = FALSE
	EndGlobalSection
	GlobalSection(ExtensibilityGlobals) = postSolution
		SolutionGuid = {5F4D7B23-9AA0-4574-8AC4-9F4E0D5E39BF}
	EndGlobalSection
	GlobalSection(TeamFoundationVersionControl) = preSolution
		SccNumberOfProjects = 2
		SccEnterpriseProvider = {4CA58AB2-18FA-4F8D-95D4-32DDF27D184C}
		SccTeamFoundationServer = https://hayessoftware.visualstudio.com/
		SccLocalPath0 = .
		SccProjectUniqueName1 = TechXL\u0020Project\\TechXL\u0020Project.dtproj
		SccProjectName1 = TechXL\u0020Project
		SccLocalPath1 = TechXL\u0020Project
	EndGlobalSection
EndGlobal
