
Microsoft Visual Studio Solution File, Format Version 12.00
# Visual Studio 15
VisualStudioVersion = 15.0.28307.1082
MinimumVisualStudioVersion = 10.0.40219.1
Project("{159641D6-6404-4A2A-AE62-294DE0FE8301}") = "TIPWebExports", "TIPWebExports\TIPWebExports.dtproj", "{BFAEFCE3-E251-4A39-9314-D6D6566A333D}"
EndProject
Global
	GlobalSection(SolutionConfigurationPlatforms) = preSolution
		Development|Default = Development|Default
	EndGlobalSection
	GlobalSection(ProjectConfigurationPlatforms) = postSolution
		{BFAEFCE3-E251-4A39-9314-D6D6566A333D}.Development|Default.ActiveCfg = Development
		{BFAEFCE3-E251-4A39-9314-D6D6566A333D}.Development|Default.Build.0 = Development
	EndGlobalSection
	GlobalSection(SolutionProperties) = preSolution
		HideSolutionNode = FALSE
	EndGlobalSection
	GlobalSection(ExtensibilityGlobals) = postSolution
		SolutionGuid = {3E523A96-C8C6-4701-B180-F5EB739A0E12}
	EndGlobalSection
	GlobalSection(TeamFoundationVersionControl) = preSolution
		SccNumberOfProjects = 2
		SccEnterpriseProvider = {4CA58AB2-18FA-4F8D-95D4-32DDF27D184C}
		SccTeamFoundationServer = https://hayessoftware.visualstudio.com/
		SccLocalPath0 = .
		SccProjectUniqueName1 = TIPWebExports\\TIPWebExports.dtproj
		SccProjectName1 = TIPWebExports
		SccLocalPath1 = TIPWebExports
	EndGlobalSection
EndGlobal
