
Microsoft Visual Studio Solution File, Format Version 12.00
# Visual Studio Version 16
VisualStudioVersion = 16.0.30011.22
MinimumVisualStudioVersion = 10.0.40219.1
Project("{159641D6-6404-4A2A-AE62-294DE0FE8301}") = "Corpus Christi", "Corpus Christi\Corpus Christi.dtproj", "{BCFDFEBD-93D9-4206-8798-7A4BE0FC6652}"
EndProject
Global
	GlobalSection(SolutionConfigurationPlatforms) = preSolution
		Development|Default = Development|Default
	EndGlobalSection
	GlobalSection(ProjectConfigurationPlatforms) = postSolution
		{BCFDFEBD-93D9-4206-8798-7A4BE0FC6652}.Development|Default.ActiveCfg = Development
		{BCFDFEBD-93D9-4206-8798-7A4BE0FC6652}.Development|Default.Build.0 = Development
	EndGlobalSection
	GlobalSection(SolutionProperties) = preSolution
		HideSolutionNode = FALSE
	EndGlobalSection
	GlobalSection(ExtensibilityGlobals) = postSolution
		SolutionGuid = {9F64A17C-ACE3-42CE-B725-2A2E2CBCEF38}
	EndGlobalSection
	GlobalSection(TeamFoundationVersionControl) = preSolution
		SccNumberOfProjects = 2
		SccEnterpriseProvider = {4CA58AB2-18FA-4F8D-95D4-32DDF27D184C}
		SccTeamFoundationServer = https://hayessoftware.visualstudio.com/
		SccLocalPath0 = .
		SccProjectUniqueName1 = Corpus\u0020Christi\\Corpus\u0020Christi.dtproj
		SccProjectName1 = Corpus\u0020Christi
		SccLocalPath1 = Corpus\u0020Christi
	EndGlobalSection
EndGlobal
