
Microsoft Visual Studio Solution File, Format Version 12.00
# Visual Studio Version 16
VisualStudioVersion = 16.0.30011.22
MinimumVisualStudioVersion = 10.0.40219.1
Project("{159641D6-6404-4A2A-AE62-294DE0FE8301}") = "McAllen Integration", "McAllen Integration.dtproj", "{FFECAA65-95FC-4ADF-8D75-ACCE5834522B}"
EndProject
Project("{159641D6-6404-4A2A-AE62-294DE0FE8301}") = "AppleDeviceCharge", "..\AppleDeviceCharge\AppleDeviceCharge.dtproj", "{85FD9069-29A2-4A12-8E51-2DC4EFA156AC}"
EndProject
Global
	GlobalSection(SolutionConfigurationPlatforms) = preSolution
		Development|Default = Development|Default
	EndGlobalSection
	GlobalSection(ProjectConfigurationPlatforms) = postSolution
		{FFECAA65-95FC-4ADF-8D75-ACCE5834522B}.Development|Default.ActiveCfg = Development
		{FFECAA65-95FC-4ADF-8D75-ACCE5834522B}.Development|Default.Build.0 = Development
		{85FD9069-29A2-4A12-8E51-2DC4EFA156AC}.Development|Default.ActiveCfg = Development
		{85FD9069-29A2-4A12-8E51-2DC4EFA156AC}.Development|Default.Build.0 = Development
	EndGlobalSection
	GlobalSection(SolutionProperties) = preSolution
		HideSolutionNode = FALSE
	EndGlobalSection
	GlobalSection(ExtensibilityGlobals) = postSolution
		SolutionGuid = {04FA47AE-B458-48CC-B43F-96403287611D}
	EndGlobalSection
	GlobalSection(TeamFoundationVersionControl) = preSolution
		SccNumberOfProjects = 3
		SccEnterpriseProvider = {4CA58AB2-18FA-4F8D-95D4-32DDF27D184C}
		SccTeamFoundationServer = https://hayessoftware.visualstudio.com/
		SccLocalPath0 = .
		SccProjectUniqueName1 = McAllen\u0020Integration.dtproj
		SccLocalPath1 = .
		SccProjectUniqueName2 = ..\\AppleDeviceCharge\\AppleDeviceCharge.dtproj
		SccProjectName2 = ../AppleDeviceCharge
		SccLocalPath2 = ..\\AppleDeviceCharge
	EndGlobalSection
EndGlobal
