
Microsoft Visual Studio Solution File, Format Version 12.00
# Visual Studio 15
VisualStudioVersion = 15.0.28307.1082
MinimumVisualStudioVersion = 10.0.40219.1
Project("{159641D6-6404-4A2A-AE62-294DE0FE8301}") = "Genesys", "Genesys\Genesys.dtproj", "{EABDA7F3-89D0-40E4-B2D0-C843415DC5E4}"
EndProject
Global
	GlobalSection(SolutionConfigurationPlatforms) = preSolution
		Development|Default = Development|Default
	EndGlobalSection
	GlobalSection(ProjectConfigurationPlatforms) = postSolution
		{EABDA7F3-89D0-40E4-B2D0-C843415DC5E4}.Development|Default.ActiveCfg = Development
		{EABDA7F3-89D0-40E4-B2D0-C843415DC5E4}.Development|Default.Build.0 = Development
	EndGlobalSection
	GlobalSection(SolutionProperties) = preSolution
		HideSolutionNode = FALSE
	EndGlobalSection
	GlobalSection(ExtensibilityGlobals) = postSolution
		SolutionGuid = {01B5F8B1-97D0-4F26-8DE3-D279F898DA18}
	EndGlobalSection
EndGlobal
