
Microsoft Visual Studio Solution File, Format Version 12.00
# Visual Studio Version 16
VisualStudioVersion = 16.0.30011.22
MinimumVisualStudioVersion = 10.0.40219.1
Project("{159641D6-6404-4A2A-AE62-294DE0FE8301}") = "GarlandISDIntegration", "GarlandISDIntegration\GarlandISDIntegration.dtproj", "{CAD58BE1-7CBC-4159-A64B-4D8BFD9D90CE}"
EndProject
Project("{159641D6-6404-4A2A-AE62-294DE0FE8301}") = "GarlandMDM", "GarlandMDM\GarlandMDM.dtproj", "{D3A105C6-57E0-4163-A16A-46E8704C8FEC}"
EndProject
Global
	GlobalSection(SolutionConfigurationPlatforms) = preSolution
		Development|Default = Development|Default
	EndGlobalSection
	GlobalSection(ProjectConfigurationPlatforms) = postSolution
		{CAD58BE1-7CBC-4159-A64B-4D8BFD9D90CE}.Development|Default.ActiveCfg = Development
		{CAD58BE1-7CBC-4159-A64B-4D8BFD9D90CE}.Development|Default.Build.0 = Development
		{D3A105C6-57E0-4163-A16A-46E8704C8FEC}.Development|Default.ActiveCfg = Development
		{D3A105C6-57E0-4163-A16A-46E8704C8FEC}.Development|Default.Build.0 = Development
	EndGlobalSection
	GlobalSection(SolutionProperties) = preSolution
		HideSolutionNode = FALSE
	EndGlobalSection
	GlobalSection(ExtensibilityGlobals) = postSolution
		SolutionGuid = {F7240E07-16F5-4464-AA29-9774131A638D}
	EndGlobalSection
	GlobalSection(TeamFoundationVersionControl) = preSolution
		SccNumberOfProjects = 3
		SccEnterpriseProvider = {4CA58AB2-18FA-4F8D-95D4-32DDF27D184C}
		SccTeamFoundationServer = https://hayessoftware.visualstudio.com/
		SccLocalPath0 = .
		SccProjectUniqueName1 = GarlandISDIntegration\\GarlandISDIntegration.dtproj
		SccProjectName1 = GarlandISDIntegration
		SccLocalPath1 = GarlandISDIntegration
		SccProjectUniqueName2 = GarlandMDM\\GarlandMDM.dtproj
		SccProjectName2 = GarlandMDM
		SccLocalPath2 = GarlandMDM
	EndGlobalSection
EndGlobal
