
Microsoft Visual Studio Solution File, Format Version 12.00
# Visual Studio 14
VisualStudioVersion = 14.0.25420.1
MinimumVisualStudioVersion = 10.0.40219.1
Project("{FAE04EC0-301F-11D3-BF4B-00C04F79EFBC}") = "IntegrationPlayground-v-1-0-1", "IntegrationPlayground-v-1-0-1.csproj", "{0277FC62-CF7E-4BD6-912B-6EE2EA0EC800}"
EndProject
Project("{FAE04EC0-301F-11D3-BF4B-00C04F79EFBC}") = "Model", "..\Model\Model.csproj", "{1491196D-8C09-4306-AB2F-9E5DBFE2A972}"
EndProject
Project("{FAE04EC0-301F-11D3-BF4B-00C04F79EFBC}") = "SystemTasks", "..\FileSystemTasks\SystemTasks.csproj", "{0CEF9674-101A-437B-8D82-98B4F1B60C44}"
EndProject
Project("{FAE04EC0-301F-11D3-BF4B-00C04F79EFBC}") = "DataAccess", "..\DataAccess\DataAccess.csproj", "{36B32711-F3AA-40C8-9951-94259D666E86}"
EndProject
Project("{FAE04EC0-301F-11D3-BF4B-00C04F79EFBC}") = "Services", "..\Services\Services.csproj", "{D395C2E0-4A0C-401A-862D-1C0C62659296}"
EndProject
Global
	GlobalSection(SolutionConfigurationPlatforms) = preSolution
		Debug|Any CPU = Debug|Any CPU
		Release|Any CPU = Release|Any CPU
	EndGlobalSection
	GlobalSection(ProjectConfigurationPlatforms) = postSolution
		{0277FC62-CF7E-4BD6-912B-6EE2EA0EC800}.Debug|Any CPU.ActiveCfg = Debug|Any CPU
		{0277FC62-CF7E-4BD6-912B-6EE2EA0EC800}.Debug|Any CPU.Build.0 = Debug|Any CPU
		{0277FC62-CF7E-4BD6-912B-6EE2EA0EC800}.Release|Any CPU.ActiveCfg = Release|Any CPU
		{0277FC62-CF7E-4BD6-912B-6EE2EA0EC800}.Release|Any CPU.Build.0 = Release|Any CPU
		{1491196D-8C09-4306-AB2F-9E5DBFE2A972}.Debug|Any CPU.ActiveCfg = Debug|Any CPU
		{1491196D-8C09-4306-AB2F-9E5DBFE2A972}.Debug|Any CPU.Build.0 = Debug|Any CPU
		{1491196D-8C09-4306-AB2F-9E5DBFE2A972}.Release|Any CPU.ActiveCfg = Release|Any CPU
		{1491196D-8C09-4306-AB2F-9E5DBFE2A972}.Release|Any CPU.Build.0 = Release|Any CPU
		{0CEF9674-101A-437B-8D82-98B4F1B60C44}.Debug|Any CPU.ActiveCfg = Debug|Any CPU
		{0CEF9674-101A-437B-8D82-98B4F1B60C44}.Debug|Any CPU.Build.0 = Debug|Any CPU
		{0CEF9674-101A-437B-8D82-98B4F1B60C44}.Release|Any CPU.ActiveCfg = Release|Any CPU
		{0CEF9674-101A-437B-8D82-98B4F1B60C44}.Release|Any CPU.Build.0 = Release|Any CPU
		{36B32711-F3AA-40C8-9951-94259D666E86}.Debug|Any CPU.ActiveCfg = Debug|Any CPU
		{36B32711-F3AA-40C8-9951-94259D666E86}.Debug|Any CPU.Build.0 = Debug|Any CPU
		{36B32711-F3AA-40C8-9951-94259D666E86}.Release|Any CPU.ActiveCfg = Release|Any CPU
		{36B32711-F3AA-40C8-9951-94259D666E86}.Release|Any CPU.Build.0 = Release|Any CPU
		{D395C2E0-4A0C-401A-862D-1C0C62659296}.Debug|Any CPU.ActiveCfg = Debug|Any CPU
		{D395C2E0-4A0C-401A-862D-1C0C62659296}.Debug|Any CPU.Build.0 = Debug|Any CPU
		{D395C2E0-4A0C-401A-862D-1C0C62659296}.Release|Any CPU.ActiveCfg = Release|Any CPU
		{D395C2E0-4A0C-401A-862D-1C0C62659296}.Release|Any CPU.Build.0 = Release|Any CPU
	EndGlobalSection
	GlobalSection(SolutionProperties) = preSolution
		HideSolutionNode = FALSE
	EndGlobalSection
	GlobalSection(TeamFoundationVersionControl) = preSolution
		SccNumberOfProjects = 6
		SccEnterpriseProvider = {4CA58AB2-18FA-4F8D-95D4-32DDF27D184C}
		SccTeamFoundationServer = https://hayessoftware.visualstudio.com/
		SccLocalPath0 = .
		SccProjectUniqueName1 = ..\\DataAccess\\DataAccess.csproj
		SccProjectName1 = ../DataAccess
		SccLocalPath1 = ..\\DataAccess
		SccProjectUniqueName2 = ..\\FileSystemTasks\\SystemTasks.csproj
		SccProjectName2 = ../FileSystemTasks
		SccLocalPath2 = ..\\FileSystemTasks
		SccProjectUniqueName3 = IntegrationPlayground-v-1-0-1.csproj
		SccLocalPath3 = .
		SccProjectUniqueName4 = ..\\Model\\Model.csproj
		SccProjectName4 = ../Model
		SccLocalPath4 = ..\\Model
		SccProjectUniqueName5 = ..\\Services\\Services.csproj
		SccProjectName5 = ../Services
		SccLocalPath5 = ..\\Services
	EndGlobalSection
EndGlobal
