
Microsoft Visual Studio Solution File, Format Version 10.00
# Visual Studio 2008
Project("{F14B399A-7131-4C87-9E4B-1186C45EF12D}") = "Data Conversion Validation2", "Data Conversion Validation\Data Conversion Validation2.rptproj", "{FE4626F7-21C3-44A5-8947-8BA119D2EDE5}"
EndProject
Global
	GlobalSection(TeamFoundationVersionControl) = preSolution
		SccNumberOfProjects = 2
		SccEnterpriseProvider = {4CA58AB2-18FA-4F8D-95D4-32DDF27D184C}
		SccTeamFoundationServer = https://hayessoftware.visualstudio.com/DefaultCollection
		SccLocalPath0 = .
		SccProjectUniqueName1 = Data\u0020Conversion\u0020Validation\\Data\u0020Conversion\u0020Validation2.rptproj
		SccProjectName1 = Data\u0020Conversion\u0020Validation
		SccLocalPath1 = Data\u0020Conversion\u0020Validation
	EndGlobalSection
	GlobalSection(SolutionConfigurationPlatforms) = preSolution
		Debug|Default = Debug|Default
		DebugLocal|Default = DebugLocal|Default
		Release|Default = Release|Default
	EndGlobalSection
	GlobalSection(ProjectConfigurationPlatforms) = postSolution
		{FE4626F7-21C3-44A5-8947-8BA119D2EDE5}.Debug|Default.ActiveCfg = Debug
		{FE4626F7-21C3-44A5-8947-8BA119D2EDE5}.Debug|Default.Build.0 = DebugLocal
		{FE4626F7-21C3-44A5-8947-8BA119D2EDE5}.Debug|Default.Deploy.0 = DebugLocal
		{FE4626F7-21C3-44A5-8947-8BA119D2EDE5}.DebugLocal|Default.ActiveCfg = DebugLocal
		{FE4626F7-21C3-44A5-8947-8BA119D2EDE5}.DebugLocal|Default.Build.0 = DebugLocal
		{FE4626F7-21C3-44A5-8947-8BA119D2EDE5}.Release|Default.ActiveCfg = Release
		{FE4626F7-21C3-44A5-8947-8BA119D2EDE5}.Release|Default.Build.0 = Release
		{FE4626F7-21C3-44A5-8947-8BA119D2EDE5}.Release|Default.Deploy.0 = Release
	EndGlobalSection
	GlobalSection(SolutionProperties) = preSolution
		HideSolutionNode = FALSE
	EndGlobalSection
EndGlobal
