
Microsoft Visual Studio Solution File, Format Version 12.00
# Visual Studio 15
VisualStudioVersion = 15.0.28307.1169
MinimumVisualStudioVersion = 10.0.40219.1
Project("{159641D6-6404-4A2A-AE62-294DE0FE8301}") = "InTouch", "InTouch\InTouch.dtproj", "{A1DBA15A-1E8D-49B7-B91C-2D6A6B25CB06}"
EndProject
Global
	GlobalSection(SolutionConfigurationPlatforms) = preSolution
		Development|Default = Development|Default
	EndGlobalSection
	GlobalSection(ProjectConfigurationPlatforms) = postSolution
		{A1DBA15A-1E8D-49B7-B91C-2D6A6B25CB06}.Development|Default.ActiveCfg = Development
		{A1DBA15A-1E8D-49B7-B91C-2D6A6B25CB06}.Development|Default.Build.0 = Development
	EndGlobalSection
	GlobalSection(SolutionProperties) = preSolution
		HideSolutionNode = FALSE
	EndGlobalSection
	GlobalSection(ExtensibilityGlobals) = postSolution
		SolutionGuid = {D5057A16-63D8-44AD-B23C-1271E37E5D01}
	EndGlobalSection
EndGlobal
