
Microsoft Visual Studio Solution File, Format Version 12.00
# Visual Studio Version 16
VisualStudioVersion = 16.0.30011.22
MinimumVisualStudioVersion = 10.0.40219.1
Project("{159641D6-6404-4A2A-AE62-294DE0FE8301}") = "TechXL_Updated", "TechXL_Updated\TechXL_Updated.dtproj", "{EB9C7B96-3B08-4C3B-B9BA-5686A6C68ABD}"
EndProject
Project("{159641D6-6404-4A2A-AE62-294DE0FE8301}") = "TechXL Reporting", "TechXL Reporting\TechXL Reporting.dtproj", "{6268811C-4336-4F96-9526-5996406149F9}"
EndProject
Global
	GlobalSection(SolutionConfigurationPlatforms) = preSolution
		Development|Default = Development|Default
	EndGlobalSection
	GlobalSection(ProjectConfigurationPlatforms) = postSolution
		{EB9C7B96-3B08-4C3B-B9BA-5686A6C68ABD}.Development|Default.ActiveCfg = Development
		{EB9C7B96-3B08-4C3B-B9BA-5686A6C68ABD}.Development|Default.Build.0 = Development
		{6268811C-4336-4F96-9526-5996406149F9}.Development|Default.ActiveCfg = Development
		{6268811C-4336-4F96-9526-5996406149F9}.Development|Default.Build.0 = Development
	EndGlobalSection
	GlobalSection(SolutionProperties) = preSolution
		HideSolutionNode = FALSE
	EndGlobalSection
	GlobalSection(ExtensibilityGlobals) = postSolution
		SolutionGuid = {9C76C32D-518D-41C5-A486-964AA492D569}
	EndGlobalSection
	GlobalSection(TeamFoundationVersionControl) = preSolution
		SccNumberOfProjects = 3
		SccEnterpriseProvider = {4CA58AB2-18FA-4F8D-95D4-32DDF27D184C}
		SccTeamFoundationServer = https://hayessoftware.visualstudio.com/
		SccLocalPath0 = .
		SccProjectUniqueName1 = TechXL_Updated\\TechXL_Updated.dtproj
		SccProjectName1 = TechXL_Updated
		SccLocalPath1 = TechXL_Updated
		SccProjectUniqueName2 = TechXL\u0020Reporting\\TechXL\u0020Reporting.dtproj
		SccProjectName2 = TechXL\u0020Reporting
		SccLocalPath2 = TechXL\u0020Reporting
	EndGlobalSection
EndGlobal
