
Microsoft Visual Studio Solution File, Format Version 12.00
# Visual Studio Version 16
VisualStudioVersion = 16.0.30621.155
MinimumVisualStudioVersion = 10.0.40219.1
Project("{159641D6-6404-4A2A-AE62-294DE0FE8301}") = "DallasIntegration", "DallasIntegration\DallasIntegration.dtproj", "{09E25602-D8B9-45E0-972A-6E5D0397AD9F}"
EndProject
Project("{159641D6-6404-4A2A-AE62-294DE0FE8301}") = "DallasCustomField", "DallasCustomField\DallasCustomField.dtproj", "{AA98B2B7-011F-4B51-BDEE-6E4BA0FBF4F1}"
EndProject
Project("{159641D6-6404-4A2A-AE62-294DE0FE8301}") = "TransferHistory", "TransferHistory\TransferHistory\TransferHistory.dtproj", "{9B235ADE-6130-4FD9-A2EF-A087821BE806}"
EndProject
Project("{159641D6-6404-4A2A-AE62-294DE0FE8301}") = "AssetExport", "AssetExport\AssetExport.dtproj", "{733D1107-9442-41E3-B443-E54931122AEB}"
EndProject
Global
	GlobalSection(SolutionConfigurationPlatforms) = preSolution
		Development|Default = Development|Default
	EndGlobalSection
	GlobalSection(ProjectConfigurationPlatforms) = postSolution
		{09E25602-D8B9-45E0-972A-6E5D0397AD9F}.Development|Default.ActiveCfg = Development
		{09E25602-D8B9-45E0-972A-6E5D0397AD9F}.Development|Default.Build.0 = Development
		{AA98B2B7-011F-4B51-BDEE-6E4BA0FBF4F1}.Development|Default.ActiveCfg = Development
		{AA98B2B7-011F-4B51-BDEE-6E4BA0FBF4F1}.Development|Default.Build.0 = Development
		{9B235ADE-6130-4FD9-A2EF-A087821BE806}.Development|Default.ActiveCfg = Development
		{9B235ADE-6130-4FD9-A2EF-A087821BE806}.Development|Default.Build.0 = Development
		{733D1107-9442-41E3-B443-E54931122AEB}.Development|Default.ActiveCfg = Development
		{733D1107-9442-41E3-B443-E54931122AEB}.Development|Default.Build.0 = Development
	EndGlobalSection
	GlobalSection(SolutionProperties) = preSolution
		HideSolutionNode = FALSE
	EndGlobalSection
	GlobalSection(ExtensibilityGlobals) = postSolution
		SolutionGuid = {8BAC14E2-3094-472C-8995-CFDBC4346213}
	EndGlobalSection
	GlobalSection(TeamFoundationVersionControl) = preSolution
		SccNumberOfProjects = 5
		SccEnterpriseProvider = {4CA58AB2-18FA-4F8D-95D4-32DDF27D184C}
		SccTeamFoundationServer = https://hayessoftware.visualstudio.com/
		SccLocalPath0 = .
		SccProjectUniqueName1 = DallasIntegration\\DallasIntegration.dtproj
		SccProjectName1 = DallasIntegration
		SccLocalPath1 = DallasIntegration
		SccProjectUniqueName2 = DallasCustomField\\DallasCustomField.dtproj
		SccProjectName2 = DallasCustomField
		SccLocalPath2 = DallasCustomField
		SccProjectUniqueName3 = TransferHistory\\TransferHistory\\TransferHistory.dtproj
		SccProjectName3 = TransferHistory/TransferHistory
		SccLocalPath3 = TransferHistory\\TransferHistory
		SccProjectUniqueName4 = AssetExport\\AssetExport.dtproj
		SccProjectName4 = AssetExport
		SccLocalPath4 = AssetExport
	EndGlobalSection
EndGlobal
