
Microsoft Visual Studio Solution File, Format Version 12.00
# Visual Studio 15
VisualStudioVersion = 15.0.28307.902
MinimumVisualStudioVersion = 10.0.40219.1
Project("{159641D6-6404-4A2A-AE62-294DE0FE8301}") = "CharlestonCSD", "CharlestonCSD\CharlestonCSD.dtproj", "{C1A88C6C-EA3B-465C-97CC-17C52A44D8D1}"
EndProject
Global
	GlobalSection(SolutionConfigurationPlatforms) = preSolution
		Development|Default = Development|Default
	EndGlobalSection
	GlobalSection(ProjectConfigurationPlatforms) = postSolution
		{C1A88C6C-EA3B-465C-97CC-17C52A44D8D1}.Development|Default.ActiveCfg = Development
		{C1A88C6C-EA3B-465C-97CC-17C52A44D8D1}.Development|Default.Build.0 = Development
	EndGlobalSection
	GlobalSection(SolutionProperties) = preSolution
		HideSolutionNode = FALSE
	EndGlobalSection
	GlobalSection(ExtensibilityGlobals) = postSolution
		SolutionGuid = {05146574-7673-4D3E-8C72-C06D1EFB8F7F}
	EndGlobalSection
EndGlobal
