
Microsoft Visual Studio Solution File, Format Version 12.00
# Visual Studio 15
VisualStudioVersion = 15.0.28307.902
MinimumVisualStudioVersion = 10.0.40219.1
Project("{159641D6-6404-4A2A-AE62-294DE0FE8301}") = "BusinessPlus", "BusinessPlus\BusinessPlus.dtproj", "{3CD24275-45E2-4A99-BD3E-669B996B3B2C}"
EndProject
Global
	GlobalSection(SolutionConfigurationPlatforms) = preSolution
		Development|Default = Development|Default
	EndGlobalSection
	GlobalSection(ProjectConfigurationPlatforms) = postSolution
		{3CD24275-45E2-4A99-BD3E-669B996B3B2C}.Development|Default.ActiveCfg = Development
		{3CD24275-45E2-4A99-BD3E-669B996B3B2C}.Development|Default.Build.0 = Development
	EndGlobalSection
	GlobalSection(SolutionProperties) = preSolution
		HideSolutionNode = FALSE
	EndGlobalSection
	GlobalSection(ExtensibilityGlobals) = postSolution
		SolutionGuid = {5E636C7F-5A26-4814-84FE-2B08CA981F9E}
	EndGlobalSection
	GlobalSection(TeamFoundationVersionControl) = preSolution
		SccNumberOfProjects = 2
		SccEnterpriseProvider = {4CA58AB2-18FA-4F8D-95D4-32DDF27D184C}
		SccTeamFoundationServer = https://hayessoftware.visualstudio.com/
		SccLocalPath0 = .
		SccProjectUniqueName1 = BusinessPlus\\BusinessPlus.dtproj
		SccProjectName1 = BusinessPlus
		SccLocalPath1 = BusinessPlus
	EndGlobalSection
EndGlobal
