
Microsoft Visual Studio Solution File, Format Version 12.00
# Visual Studio 14
VisualStudioVersion = 14.0.25420.1
MinimumVisualStudioVersion = 10.0.40219.1
Project("{F14B399A-7131-4C87-9E4B-1186C45EF12D}") = "EZ_EVA_CustomerSupport", "EZ_EVA_CustomerSupport.rptproj", "{F43AC4DA-8BC7-4E44-82D1-856190516C84}"
EndProject
Global
	GlobalSection(SolutionConfigurationPlatforms) = preSolution
		Debug|Default = Debug|Default
		DebugLocal|Default = DebugLocal|Default
		Release|Default = Release|Default
	EndGlobalSection
	GlobalSection(ProjectConfigurationPlatforms) = postSolution
		{F43AC4DA-8BC7-4E44-82D1-856190516C84}.Debug|Default.ActiveCfg = DebugLocal
		{F43AC4DA-8BC7-4E44-82D1-856190516C84}.DebugLocal|Default.ActiveCfg = DebugLocal
		{F43AC4DA-8BC7-4E44-82D1-856190516C84}.DebugLocal|Default.Build.0 = DebugLocal
		{F43AC4DA-8BC7-4E44-82D1-856190516C84}.Release|Default.ActiveCfg = Release
		{F43AC4DA-8BC7-4E44-82D1-856190516C84}.Release|Default.Build.0 = Release
		{F43AC4DA-8BC7-4E44-82D1-856190516C84}.Release|Default.Deploy.0 = Release
	EndGlobalSection
	GlobalSection(SolutionProperties) = preSolution
		HideSolutionNode = FALSE
	EndGlobalSection
	GlobalSection(TeamFoundationVersionControl) = preSolution
		SccNumberOfProjects = 2
		SccEnterpriseProvider = {4CA58AB2-18FA-4F8D-95D4-32DDF27D184C}
		SccTeamFoundationServer = https://hayessoftware.visualstudio.com/
		SccLocalPath0 = .
		SccProjectUniqueName1 = EZ_EVA_CustomerSupport.rptproj
		SccLocalPath1 = .
	EndGlobalSection
EndGlobal
