
Microsoft Visual Studio Solution File, Format Version 10.00
# Visual Studio 2008
Project("{F14B399A-7131-4C87-9E4B-1186C45EF12D}") = "EVAMonitor", "EVAMonitor.rptproj", "{9747BEB0-C404-4506-A7AE-FD43291CFF9F}"
EndProject
Global
	GlobalSection(TeamFoundationVersionControl) = preSolution
		SccNumberOfProjects = 2
		SccEnterpriseProvider = {4CA58AB2-18FA-4F8D-95D4-32DDF27D184C}
		SccTeamFoundationServer = https://hayessoftware.visualstudio.com/DefaultCollection
		SccLocalPath0 = .
		SccProjectUniqueName1 = EVAMonitor.rptproj
		SccLocalPath1 = .
	EndGlobalSection
	GlobalSection(SolutionConfigurationPlatforms) = preSolution
		Debug|Default = Debug|Default
		DebugLocal|Default = DebugLocal|Default
		Release|Default = Release|Default
	EndGlobalSection
	GlobalSection(ProjectConfigurationPlatforms) = postSolution
		{9747BEB0-C404-4506-A7AE-FD43291CFF9F}.Debug|Default.ActiveCfg = Debug
		{9747BEB0-C404-4506-A7AE-FD43291CFF9F}.Debug|Default.Build.0 = DebugLocal
		{9747BEB0-C404-4506-A7AE-FD43291CFF9F}.Debug|Default.Deploy.0 = DebugLocal
		{9747BEB0-C404-4506-A7AE-FD43291CFF9F}.DebugLocal|Default.ActiveCfg = DebugLocal
		{9747BEB0-C404-4506-A7AE-FD43291CFF9F}.DebugLocal|Default.Build.0 = DebugLocal
		{9747BEB0-C404-4506-A7AE-FD43291CFF9F}.Release|Default.ActiveCfg = Release
		{9747BEB0-C404-4506-A7AE-FD43291CFF9F}.Release|Default.Build.0 = Release
		{9747BEB0-C404-4506-A7AE-FD43291CFF9F}.Release|Default.Deploy.0 = Release
	EndGlobalSection
	GlobalSection(SolutionProperties) = preSolution
		HideSolutionNode = FALSE
	EndGlobalSection
EndGlobal
