
Microsoft Visual Studio Solution File, Format Version 12.00
# Visual Studio 15
VisualStudioVersion = 15.0.28307.168
MinimumVisualStudioVersion = 10.0.40219.1
Project("{159641D6-6404-4A2A-AE62-294DE0FE8301}") = "eFinancePLUS", "eFinancePLUS\eFinancePLUS.dtproj", "{1CDD1931-C3E7-4A3E-9A4E-0F738E57639E}"
EndProject
Project("{2150E333-8FDC-42A3-9474-1A3956D46DE8}") = "Solution Items", "Solution Items", "{32E6EA82-C38F-4638-8C7C-3F436BB7E7A9}"
	ProjectSection(SolutionItems) = preProject
		Password.txt = Password.txt
	EndProjectSection
EndProject
Global
	GlobalSection(SolutionConfigurationPlatforms) = preSolution
		Development|Default = Development|Default
	EndGlobalSection
	GlobalSection(ProjectConfigurationPlatforms) = postSolution
		{1CDD1931-C3E7-4A3E-9A4E-0F738E57639E}.Development|Default.ActiveCfg = Development
		{1CDD1931-C3E7-4A3E-9A4E-0F738E57639E}.Development|Default.Build.0 = Development
	EndGlobalSection
	GlobalSection(SolutionProperties) = preSolution
		HideSolutionNode = FALSE
	EndGlobalSection
	GlobalSection(ExtensibilityGlobals) = postSolution
		SolutionGuid = {47D3EFEC-DB45-4DA1-8BEC-ADB55850CF7B}
	EndGlobalSection
	GlobalSection(TeamFoundationVersionControl) = preSolution
		SccNumberOfProjects = 2
		SccEnterpriseProvider = {4CA58AB2-18FA-4F8D-95D4-32DDF27D184C}
		SccTeamFoundationServer = https://hayessoftware.visualstudio.com/
		SccLocalPath0 = .
		SccProjectUniqueName1 = eFinancePLUS\\eFinancePLUS.dtproj
		SccProjectName1 = eFinancePLUS
		SccLocalPath1 = eFinancePLUS
	EndGlobalSection
EndGlobal
