
Microsoft Visual Studio Solution File, Format Version 12.00
# Visual Studio 15
VisualStudioVersion = 15.0.28307.168
MinimumVisualStudioVersion = 10.0.40219.1
Project("{159641D6-6404-4A2A-AE62-294DE0FE8301}") = "DataConversion_IM", "DataConversion_IM\DataConversion_IM.dtproj", "{EC36AF57-6848-493A-A39E-8B5985C77E6F}"
EndProject
Global
	GlobalSection(SolutionConfigurationPlatforms) = preSolution
		Development|Default = Development|Default
	EndGlobalSection
	GlobalSection(ProjectConfigurationPlatforms) = postSolution
		{EC36AF57-6848-493A-A39E-8B5985C77E6F}.Development|Default.ActiveCfg = Development
		{EC36AF57-6848-493A-A39E-8B5985C77E6F}.Development|Default.Build.0 = Development
	EndGlobalSection
	GlobalSection(SolutionProperties) = preSolution
		HideSolutionNode = FALSE
	EndGlobalSection
	GlobalSection(ExtensibilityGlobals) = postSolution
		SolutionGuid = {2F533F66-01F5-4ADF-990D-CBB813F01146}
	EndGlobalSection
EndGlobal
