
Microsoft Visual Studio Solution File, Format Version 10.00
# Visual Studio 2008
Project("{F14B399A-7131-4C87-9E4B-1186C45EF12D}") = "IntegrationDashboard", "IntegrationDashboard.rptproj", "{473E9039-29D9-4FDF-8801-AA69334FFF13}"
EndProject
Global
	GlobalSection(TeamFoundationVersionControl) = preSolution
		SccNumberOfProjects = 2
		SccEnterpriseProvider = {4CA58AB2-18FA-4F8D-95D4-32DDF27D184C}
		SccTeamFoundationServer = https://hayessoftware.visualstudio.com/DefaultCollection
		SccLocalPath0 = .
		SccProjectUniqueName1 = IntegrationDashboard.rptproj
		SccLocalPath1 = .
	EndGlobalSection
	GlobalSection(SolutionConfigurationPlatforms) = preSolution
		Debug|Default = Debug|Default
		DebugLocal|Default = DebugLocal|Default
		Release|Default = Release|Default
	EndGlobalSection
	GlobalSection(ProjectConfigurationPlatforms) = postSolution
		{473E9039-29D9-4FDF-8801-AA69334FFF13}.Debug|Default.ActiveCfg = Debug
		{473E9039-29D9-4FDF-8801-AA69334FFF13}.Debug|Default.Build.0 = DebugLocal
		{473E9039-29D9-4FDF-8801-AA69334FFF13}.Debug|Default.Deploy.0 = DebugLocal
		{473E9039-29D9-4FDF-8801-AA69334FFF13}.DebugLocal|Default.ActiveCfg = DebugLocal
		{473E9039-29D9-4FDF-8801-AA69334FFF13}.DebugLocal|Default.Build.0 = DebugLocal
		{473E9039-29D9-4FDF-8801-AA69334FFF13}.Release|Default.ActiveCfg = Release
		{473E9039-29D9-4FDF-8801-AA69334FFF13}.Release|Default.Build.0 = Release
		{473E9039-29D9-4FDF-8801-AA69334FFF13}.Release|Default.Deploy.0 = Release
	EndGlobalSection
	GlobalSection(SolutionProperties) = preSolution
		HideSolutionNode = FALSE
	EndGlobalSection
EndGlobal
